// !$*UTF8*$!
{
	archiveVersion = 1;
	classes = {
	};
	objectVersion = 55;
	objects = {

/* Begin PBXBuildFile section */
		64424709C03BFFDFD8C8143F /* Pods_GitHubAppTests.framework in Frameworks */ = {isa = PBXBuildFile; fileRef = C5195C5903B2735DD1FE001E /* Pods_GitHubAppTests.framework */; };
		8AA3C1A21EF83E69C9491ED2 /* Pods_GitHubApp_GitHubAppUITests.framework in Frameworks */ = {isa = PBXBuildFile; fileRef = D8A07EA981AE54BBF0106414 /* Pods_GitHubApp_GitHubAppUITests.framework */; };
		920C6356297CBDC800B988CC /* UIImageView+Ext.swift in Sources */ = {isa = PBXBuildFile; fileRef = 920C6355297CBDC800B988CC /* UIImageView+Ext.swift */; };
		929E347F297BF4D000C39F13 /* AppDelegate.swift in Sources */ = {isa = PBXBuildFile; fileRef = 929E347E297BF4D000C39F13 /* AppDelegate.swift */; };
		929E3486297BF4D000C39F13 /* Main.storyboard in Resources */ = {isa = PBXBuildFile; fileRef = 929E3484297BF4D000C39F13 /* Main.storyboard */; };
		929E3489297BF4D000C39F13 /* GitHubApp.xcdatamodeld in Sources */ = {isa = PBXBuildFile; fileRef = 929E3487297BF4D000C39F13 /* GitHubApp.xcdatamodeld */; };
		929E348B297BF4D200C39F13 /* Assets.xcassets in Resources */ = {isa = PBXBuildFile; fileRef = 929E348A297BF4D200C39F13 /* Assets.xcassets */; };
		929E348E297BF4D200C39F13 /* LaunchScreen.storyboard in Resources */ = {isa = PBXBuildFile; fileRef = 929E348C297BF4D200C39F13 /* LaunchScreen.storyboard */; };
		929E3499297BF4D200C39F13 /* GitHubAppTests.swift in Sources */ = {isa = PBXBuildFile; fileRef = 929E3498297BF4D200C39F13 /* GitHubAppTests.swift */; };
		929E34A3297BF4D200C39F13 /* GitHubAppUITests.swift in Sources */ = {isa = PBXBuildFile; fileRef = 929E34A2297BF4D200C39F13 /* GitHubAppUITests.swift */; };
		929E34A5297BF4D200C39F13 /* GitHubAppUITestsLaunchTests.swift in Sources */ = {isa = PBXBuildFile; fileRef = 929E34A4297BF4D200C39F13 /* GitHubAppUITestsLaunchTests.swift */; };
		929E34BB297BF95300C39F13 /* ListInteractor.swift in Sources */ = {isa = PBXBuildFile; fileRef = 929E34BA297BF95300C39F13 /* ListInteractor.swift */; };
		929E34BD297BF96300C39F13 /* ListPresenter.swift in Sources */ = {isa = PBXBuildFile; fileRef = 929E34BC297BF96300C39F13 /* ListPresenter.swift */; };
		929E34C0297BF97A00C39F13 /* Models.swift in Sources */ = {isa = PBXBuildFile; fileRef = 929E34BF297BF97A00C39F13 /* Models.swift */; };
		929E34C4297BF9A900C39F13 /* ListViewController.swift in Sources */ = {isa = PBXBuildFile; fileRef = 929E34C2297BF9A900C39F13 /* ListViewController.swift */; };
		929E34C5297BF9A900C39F13 /* ListViewController.xib in Resources */ = {isa = PBXBuildFile; fileRef = 929E34C3297BF9A900C39F13 /* ListViewController.xib */; };
		929E34C7297BF9E300C39F13 /* ListRouter.swift in Sources */ = {isa = PBXBuildFile; fileRef = 929E34C6297BF9E300C39F13 /* ListRouter.swift */; };
		929E34C9297BF9EF00C39F13 /* ListContractor.swift in Sources */ = {isa = PBXBuildFile; fileRef = 929E34C8297BF9EF00C39F13 /* ListContractor.swift */; };
		929E34CD297BFA3400C39F13 /* BaseViewController.swift in Sources */ = {isa = PBXBuildFile; fileRef = 929E34CC297BFA3400C39F13 /* BaseViewController.swift */; };
		929E34D1297BFA7500C39F13 /* Contractable.swift in Sources */ = {isa = PBXBuildFile; fileRef = 929E34D0297BFA7500C39F13 /* Contractable.swift */; };
		929E34D4297BFA8B00C39F13 /* CoreDataManager.swift in Sources */ = {isa = PBXBuildFile; fileRef = 929E34D3297BFA8B00C39F13 /* CoreDataManager.swift */; };
		929E34D7297BFAA400C39F13 /* NetworkManager.swift in Sources */ = {isa = PBXBuildFile; fileRef = 929E34D6297BFAA400C39F13 /* NetworkManager.swift */; };
		929E34DB297BFAB700C39F13 /* Networkable.swift in Sources */ = {isa = PBXBuildFile; fileRef = 929E34DA297BFAB700C39F13 /* Networkable.swift */; };
		929E34DF297BFB0B00C39F13 /* indicator-animation-view.json in Resources */ = {isa = PBXBuildFile; fileRef = 929E34DE297BFB0B00C39F13 /* indicator-animation-view.json */; };
		929E34E4297C279200C39F13 /* Colours.swift in Sources */ = {isa = PBXBuildFile; fileRef = 929E34E3297C279200C39F13 /* Colours.swift */; };
		929E34E6297C279900C39F13 /* Fonts.swift in Sources */ = {isa = PBXBuildFile; fileRef = 929E34E5297C279900C39F13 /* Fonts.swift */; };
		929E34EB297C291000C39F13 /* ActivityIndicator.swift in Sources */ = {isa = PBXBuildFile; fileRef = 929E34E9297C291000C39F13 /* ActivityIndicator.swift */; };
		929E34EC297C291000C39F13 /* ActivityIndicator.xib in Resources */ = {isa = PBXBuildFile; fileRef = 929E34EA297C291000C39F13 /* ActivityIndicator.xib */; };
		929E34EE297C296E00C39F13 /* ActivityIndicatorManager.swift in Sources */ = {isa = PBXBuildFile; fileRef = 929E34ED297C296E00C39F13 /* ActivityIndicatorManager.swift */; };
		929E34F1297C380200C39F13 /* CGFloat+Ext.swift in Sources */ = {isa = PBXBuildFile; fileRef = 929E34F0297C380200C39F13 /* CGFloat+Ext.swift */; };
		929E34F3297C381D00C39F13 /* UIView+Ext.swift in Sources */ = {isa = PBXBuildFile; fileRef = 929E34F2297C381D00C39F13 /* UIView+Ext.swift */; };
		929E34F5297C7FB400C39F13 /* String+Ext.swift in Sources */ = {isa = PBXBuildFile; fileRef = 929E34F4297C7FB400C39F13 /* String+Ext.swift */; };
		929E34F7297C801500C39F13 /* UICollectionView+Ext.swift in Sources */ = {isa = PBXBuildFile; fileRef = 929E34F6297C801500C39F13 /* UICollectionView+Ext.swift */; };
		929E34F9297C803500C39F13 /* Array+Ext.swift in Sources */ = {isa = PBXBuildFile; fileRef = 929E34F8297C803500C39F13 /* Array+Ext.swift */; };
		929E34FB297C809300C39F13 /* UITableView+Ext.swift in Sources */ = {isa = PBXBuildFile; fileRef = 929E34FA297C809300C39F13 /* UITableView+Ext.swift */; };
		929E34FD297C80C200C39F13 /* NSObject+Ext.swift in Sources */ = {isa = PBXBuildFile; fileRef = 929E34FC297C80C200C39F13 /* NSObject+Ext.swift */; };
		929E34FF297C811600C39F13 /* UINavigationController+Ext.swift in Sources */ = {isa = PBXBuildFile; fileRef = 929E34FE297C811600C39F13 /* UINavigationController+Ext.swift */; };
		929E3501297C812A00C39F13 /* Optional+Ext.swift in Sources */ = {isa = PBXBuildFile; fileRef = 929E3500297C812A00C39F13 /* Optional+Ext.swift */; };
		929E3503297C815000C39F13 /* Int+Ext.swift in Sources */ = {isa = PBXBuildFile; fileRef = 929E3502297C815000C39F13 /* Int+Ext.swift */; };
		929E3505297C892500C39F13 /* GenericResponseModel.swift in Sources */ = {isa = PBXBuildFile; fileRef = 929E3504297C892500C39F13 /* GenericResponseModel.swift */; };
		929E3509297C8B5500C39F13 /* ListTableView.swift in Sources */ = {isa = PBXBuildFile; fileRef = 929E3508297C8B5500C39F13 /* ListTableView.swift */; };
		929E350C297C909700C39F13 /* ListTableViewCell.swift in Sources */ = {isa = PBXBuildFile; fileRef = 929E350A297C909700C39F13 /* ListTableViewCell.swift */; };
		929E350D297C909700C39F13 /* ListTableViewCell.xib in Resources */ = {isa = PBXBuildFile; fileRef = 929E350B297C909700C39F13 /* ListTableViewCell.xib */; };
		929E3510297C911C00C39F13 /* DetailInteractor.swift in Sources */ = {isa = PBXBuildFile; fileRef = 929E350F297C911C00C39F13 /* DetailInteractor.swift */; };
		929E3512297C912900C39F13 /* DetailPresenter.swift in Sources */ = {isa = PBXBuildFile; fileRef = 929E3511297C912900C39F13 /* DetailPresenter.swift */; };
		929E3514297C913300C39F13 /* DetailRouter.swift in Sources */ = {isa = PBXBuildFile; fileRef = 929E3513297C913300C39F13 /* DetailRouter.swift */; };
		929E3516297C913E00C39F13 /* DetailContractor.swift in Sources */ = {isa = PBXBuildFile; fileRef = 929E3515297C913E00C39F13 /* DetailContractor.swift */; };
		929E351A297C916500C39F13 /* DetailViewController.swift in Sources */ = {isa = PBXBuildFile; fileRef = 929E3518297C916500C39F13 /* DetailViewController.swift */; };
		929E351B297C916500C39F13 /* DetailViewController.xib in Resources */ = {isa = PBXBuildFile; fileRef = 929E3519297C916500C39F13 /* DetailViewController.xib */; };
		929E351D297CA8E100C39F13 /* Encodable+Ext.swift in Sources */ = {isa = PBXBuildFile; fileRef = 929E351C297CA8E100C39F13 /* Encodable+Ext.swift */; };
		929E351F297CB13C00C39F13 /* Double+Ext.swift in Sources */ = {isa = PBXBuildFile; fileRef = 929E351E297CB13C00C39F13 /* Double+Ext.swift */; };
		9BDD98133F1939A2F12A580E /* Pods_GitHubApp.framework in Frameworks */ = {isa = PBXBuildFile; fileRef = D30885045942A4B79B487DD6 /* Pods_GitHubApp.framework */; };
/* End PBXBuildFile section */

/* Begin PBXContainerItemProxy section */
		929E3495297BF4D200C39F13 /* PBXContainerItemProxy */ = {
			isa = PBXContainerItemProxy;
			containerPortal = 929E3473297BF4D000C39F13 /* Project object */;
			proxyType = 1;
			remoteGlobalIDString = 929E347A297BF4D000C39F13;
			remoteInfo = GitHubApp;
		};
		929E349F297BF4D200C39F13 /* PBXContainerItemProxy */ = {
			isa = PBXContainerItemProxy;
			containerPortal = 929E3473297BF4D000C39F13 /* Project object */;
			proxyType = 1;
			remoteGlobalIDString = 929E347A297BF4D000C39F13;
			remoteInfo = GitHubApp;
		};
/* End PBXContainerItemProxy section */

/* Begin PBXFileReference section */
		063059938AAB374D967D8155 /* Pods-GitHubApp.release.xcconfig */ = {isa = PBXFileReference; includeInIndex = 1; lastKnownFileType = text.xcconfig; name = "Pods-GitHubApp.release.xcconfig"; path = "Target Support Files/Pods-GitHubApp/Pods-GitHubApp.release.xcconfig"; sourceTree = "<group>"; };
		2CE4EA511C108E8F3210D3C4 /* Pods-GitHubApp-GitHubAppUITests.release.xcconfig */ = {isa = PBXFileReference; includeInIndex = 1; lastKnownFileType = text.xcconfig; name = "Pods-GitHubApp-GitHubAppUITests.release.xcconfig"; path = "Target Support Files/Pods-GitHubApp-GitHubAppUITests/Pods-GitHubApp-GitHubAppUITests.release.xcconfig"; sourceTree = "<group>"; };
		2EBA7DBA997ABB8DED488BE3 /* Pods-GitHubApp.debug.xcconfig */ = {isa = PBXFileReference; includeInIndex = 1; lastKnownFileType = text.xcconfig; name = "Pods-GitHubApp.debug.xcconfig"; path = "Target Support Files/Pods-GitHubApp/Pods-GitHubApp.debug.xcconfig"; sourceTree = "<group>"; };
		2F52E482A4558CAFEFCBCF0A /* Pods-GitHubAppTests.release.xcconfig */ = {isa = PBXFileReference; includeInIndex = 1; lastKnownFileType = text.xcconfig; name = "Pods-GitHubAppTests.release.xcconfig"; path = "Target Support Files/Pods-GitHubAppTests/Pods-GitHubAppTests.release.xcconfig"; sourceTree = "<group>"; };
		920C6355297CBDC800B988CC /* UIImageView+Ext.swift */ = {isa = PBXFileReference; lastKnownFileType = sourcecode.swift; path = "UIImageView+Ext.swift"; sourceTree = "<group>"; };
		929E347B297BF4D000C39F13 /* GitHubApp.app */ = {isa = PBXFileReference; explicitFileType = wrapper.application; includeInIndex = 0; path = GitHubApp.app; sourceTree = BUILT_PRODUCTS_DIR; };
		929E347E297BF4D000C39F13 /* AppDelegate.swift */ = {isa = PBXFileReference; lastKnownFileType = sourcecode.swift; path = AppDelegate.swift; sourceTree = "<group>"; };
		929E3485297BF4D000C39F13 /* Base */ = {isa = PBXFileReference; lastKnownFileType = file.storyboard; name = Base; path = Base.lproj/Main.storyboard; sourceTree = "<group>"; };
		929E3488297BF4D000C39F13 /* GitHubApp.xcdatamodel */ = {isa = PBXFileReference; lastKnownFileType = wrapper.xcdatamodel; path = GitHubApp.xcdatamodel; sourceTree = "<group>"; };
		929E348A297BF4D200C39F13 /* Assets.xcassets */ = {isa = PBXFileReference; lastKnownFileType = folder.assetcatalog; path = Assets.xcassets; sourceTree = "<group>"; };
		929E348D297BF4D200C39F13 /* Base */ = {isa = PBXFileReference; lastKnownFileType = file.storyboard; name = Base; path = Base.lproj/LaunchScreen.storyboard; sourceTree = "<group>"; };
		929E348F297BF4D200C39F13 /* Info.plist */ = {isa = PBXFileReference; lastKnownFileType = text.plist.xml; path = Info.plist; sourceTree = "<group>"; };
		929E3494297BF4D200C39F13 /* GitHubAppTests.xctest */ = {isa = PBXFileReference; explicitFileType = wrapper.cfbundle; includeInIndex = 0; path = GitHubAppTests.xctest; sourceTree = BUILT_PRODUCTS_DIR; };
		929E3498297BF4D200C39F13 /* GitHubAppTests.swift */ = {isa = PBXFileReference; lastKnownFileType = sourcecode.swift; path = GitHubAppTests.swift; sourceTree = "<group>"; };
		929E349E297BF4D200C39F13 /* GitHubAppUITests.xctest */ = {isa = PBXFileReference; explicitFileType = wrapper.cfbundle; includeInIndex = 0; path = GitHubAppUITests.xctest; sourceTree = BUILT_PRODUCTS_DIR; };
		929E34A2297BF4D200C39F13 /* GitHubAppUITests.swift */ = {isa = PBXFileReference; lastKnownFileType = sourcecode.swift; path = GitHubAppUITests.swift; sourceTree = "<group>"; };
		929E34A4297BF4D200C39F13 /* GitHubAppUITestsLaunchTests.swift */ = {isa = PBXFileReference; lastKnownFileType = sourcecode.swift; path = GitHubAppUITestsLaunchTests.swift; sourceTree = "<group>"; };
		929E34BA297BF95300C39F13 /* ListInteractor.swift */ = {isa = PBXFileReference; lastKnownFileType = sourcecode.swift; path = ListInteractor.swift; sourceTree = "<group>"; };
		929E34BC297BF96300C39F13 /* ListPresenter.swift */ = {isa = PBXFileReference; lastKnownFileType = sourcecode.swift; path = ListPresenter.swift; sourceTree = "<group>"; };
		929E34BF297BF97A00C39F13 /* Models.swift */ = {isa = PBXFileReference; lastKnownFileType = sourcecode.swift; path = Models.swift; sourceTree = "<group>"; };
		929E34C2297BF9A900C39F13 /* ListViewController.swift */ = {isa = PBXFileReference; lastKnownFileType = sourcecode.swift; path = ListViewController.swift; sourceTree = "<group>"; };
		929E34C3297BF9A900C39F13 /* ListViewController.xib */ = {isa = PBXFileReference; lastKnownFileType = file.xib; path = ListViewController.xib; sourceTree = "<group>"; };
		929E34C6297BF9E300C39F13 /* ListRouter.swift */ = {isa = PBXFileReference; lastKnownFileType = sourcecode.swift; path = ListRouter.swift; sourceTree = "<group>"; };
		929E34C8297BF9EF00C39F13 /* ListContractor.swift */ = {isa = PBXFileReference; lastKnownFileType = sourcecode.swift; path = ListContractor.swift; sourceTree = "<group>"; };
		929E34CC297BFA3400C39F13 /* BaseViewController.swift */ = {isa = PBXFileReference; lastKnownFileType = sourcecode.swift; path = BaseViewController.swift; sourceTree = "<group>"; };
		929E34D0297BFA7500C39F13 /* Contractable.swift */ = {isa = PBXFileReference; lastKnownFileType = sourcecode.swift; path = Contractable.swift; sourceTree = "<group>"; };
		929E34D3297BFA8B00C39F13 /* CoreDataManager.swift */ = {isa = PBXFileReference; lastKnownFileType = sourcecode.swift; path = CoreDataManager.swift; sourceTree = "<group>"; };
		929E34D6297BFAA400C39F13 /* NetworkManager.swift */ = {isa = PBXFileReference; lastKnownFileType = sourcecode.swift; path = NetworkManager.swift; sourceTree = "<group>"; };
		929E34DA297BFAB700C39F13 /* Networkable.swift */ = {isa = PBXFileReference; lastKnownFileType = sourcecode.swift; path = Networkable.swift; sourceTree = "<group>"; };
		929E34DE297BFB0B00C39F13 /* indicator-animation-view.json */ = {isa = PBXFileReference; fileEncoding = 4; lastKnownFileType = text.json; path = "indicator-animation-view.json"; sourceTree = "<group>"; };
		929E34E3297C279200C39F13 /* Colours.swift */ = {isa = PBXFileReference; lastKnownFileType = sourcecode.swift; path = Colours.swift; sourceTree = "<group>"; };
		929E34E5297C279900C39F13 /* Fonts.swift */ = {isa = PBXFileReference; lastKnownFileType = sourcecode.swift; path = Fonts.swift; sourceTree = "<group>"; };
		929E34E9297C291000C39F13 /* ActivityIndicator.swift */ = {isa = PBXFileReference; fileEncoding = 4; lastKnownFileType = sourcecode.swift; path = ActivityIndicator.swift; sourceTree = "<group>"; };
		929E34EA297C291000C39F13 /* ActivityIndicator.xib */ = {isa = PBXFileReference; fileEncoding = 4; lastKnownFileType = file.xib; path = ActivityIndicator.xib; sourceTree = "<group>"; };
		929E34ED297C296E00C39F13 /* ActivityIndicatorManager.swift */ = {isa = PBXFileReference; lastKnownFileType = sourcecode.swift; path = ActivityIndicatorManager.swift; sourceTree = "<group>"; };
		929E34F0297C380200C39F13 /* CGFloat+Ext.swift */ = {isa = PBXFileReference; lastKnownFileType = sourcecode.swift; path = "CGFloat+Ext.swift"; sourceTree = "<group>"; };
		929E34F2297C381D00C39F13 /* UIView+Ext.swift */ = {isa = PBXFileReference; lastKnownFileType = sourcecode.swift; path = "UIView+Ext.swift"; sourceTree = "<group>"; };
		929E34F4297C7FB400C39F13 /* String+Ext.swift */ = {isa = PBXFileReference; lastKnownFileType = sourcecode.swift; path = "String+Ext.swift"; sourceTree = "<group>"; };
		929E34F6297C801500C39F13 /* UICollectionView+Ext.swift */ = {isa = PBXFileReference; lastKnownFileType = sourcecode.swift; path = "UICollectionView+Ext.swift"; sourceTree = "<group>"; };
		929E34F8297C803500C39F13 /* Array+Ext.swift */ = {isa = PBXFileReference; lastKnownFileType = sourcecode.swift; path = "Array+Ext.swift"; sourceTree = "<group>"; };
		929E34FA297C809300C39F13 /* UITableView+Ext.swift */ = {isa = PBXFileReference; lastKnownFileType = sourcecode.swift; path = "UITableView+Ext.swift"; sourceTree = "<group>"; };
		929E34FC297C80C200C39F13 /* NSObject+Ext.swift */ = {isa = PBXFileReference; lastKnownFileType = sourcecode.swift; path = "NSObject+Ext.swift"; sourceTree = "<group>"; };
		929E34FE297C811600C39F13 /* UINavigationController+Ext.swift */ = {isa = PBXFileReference; lastKnownFileType = sourcecode.swift; path = "UINavigationController+Ext.swift"; sourceTree = "<group>"; };
		929E3500297C812A00C39F13 /* Optional+Ext.swift */ = {isa = PBXFileReference; lastKnownFileType = sourcecode.swift; path = "Optional+Ext.swift"; sourceTree = "<group>"; };
		929E3502297C815000C39F13 /* Int+Ext.swift */ = {isa = PBXFileReference; lastKnownFileType = sourcecode.swift; path = "Int+Ext.swift"; sourceTree = "<group>"; };
		929E3504297C892500C39F13 /* GenericResponseModel.swift */ = {isa = PBXFileReference; lastKnownFileType = sourcecode.swift; path = GenericResponseModel.swift; sourceTree = "<group>"; };
		929E3508297C8B5500C39F13 /* ListTableView.swift */ = {isa = PBXFileReference; lastKnownFileType = sourcecode.swift; path = ListTableView.swift; sourceTree = "<group>"; };
		929E350A297C909700C39F13 /* ListTableViewCell.swift */ = {isa = PBXFileReference; lastKnownFileType = sourcecode.swift; path = ListTableViewCell.swift; sourceTree = "<group>"; };
		929E350B297C909700C39F13 /* ListTableViewCell.xib */ = {isa = PBXFileReference; lastKnownFileType = file.xib; path = ListTableViewCell.xib; sourceTree = "<group>"; };
		929E350F297C911C00C39F13 /* DetailInteractor.swift */ = {isa = PBXFileReference; lastKnownFileType = sourcecode.swift; path = DetailInteractor.swift; sourceTree = "<group>"; };
		929E3511297C912900C39F13 /* DetailPresenter.swift */ = {isa = PBXFileReference; lastKnownFileType = sourcecode.swift; path = DetailPresenter.swift; sourceTree = "<group>"; };
		929E3513297C913300C39F13 /* DetailRouter.swift */ = {isa = PBXFileReference; lastKnownFileType = sourcecode.swift; path = DetailRouter.swift; sourceTree = "<group>"; };
		929E3515297C913E00C39F13 /* DetailContractor.swift */ = {isa = PBXFileReference; lastKnownFileType = sourcecode.swift; path = DetailContractor.swift; sourceTree = "<group>"; };
		929E3518297C916500C39F13 /* DetailViewController.swift */ = {isa = PBXFileReference; lastKnownFileType = sourcecode.swift; path = DetailViewController.swift; sourceTree = "<group>"; };
		929E3519297C916500C39F13 /* DetailViewController.xib */ = {isa = PBXFileReference; lastKnownFileType = file.xib; path = DetailViewController.xib; sourceTree = "<group>"; };
		929E351C297CA8E100C39F13 /* Encodable+Ext.swift */ = {isa = PBXFileReference; lastKnownFileType = sourcecode.swift; path = "Encodable+Ext.swift"; sourceTree = "<group>"; };
		929E351E297CB13C00C39F13 /* Double+Ext.swift */ = {isa = PBXFileReference; lastKnownFileType = sourcecode.swift; path = "Double+Ext.swift"; sourceTree = "<group>"; };
		97D310D3AF822ACE2232D26E /* Pods-GitHubApp-GitHubAppUITests.debug.xcconfig */ = {isa = PBXFileReference; includeInIndex = 1; lastKnownFileType = text.xcconfig; name = "Pods-GitHubApp-GitHubAppUITests.debug.xcconfig"; path = "Target Support Files/Pods-GitHubApp-GitHubAppUITests/Pods-GitHubApp-GitHubAppUITests.debug.xcconfig"; sourceTree = "<group>"; };
		C5195C5903B2735DD1FE001E /* Pods_GitHubAppTests.framework */ = {isa = PBXFileReference; explicitFileType = wrapper.framework; includeInIndex = 0; path = Pods_GitHubAppTests.framework; sourceTree = BUILT_PRODUCTS_DIR; };
		D30885045942A4B79B487DD6 /* Pods_GitHubApp.framework */ = {isa = PBXFileReference; explicitFileType = wrapper.framework; includeInIndex = 0; path = Pods_GitHubApp.framework; sourceTree = BUILT_PRODUCTS_DIR; };
		D8A07EA981AE54BBF0106414 /* Pods_GitHubApp_GitHubAppUITests.framework */ = {isa = PBXFileReference; explicitFileType = wrapper.framework; includeInIndex = 0; path = Pods_GitHubApp_GitHubAppUITests.framework; sourceTree = BUILT_PRODUCTS_DIR; };
		F2B493BA291967AF5568BA3A /* Pods-GitHubAppTests.debug.xcconfig */ = {isa = PBXFileReference; includeInIndex = 1; lastKnownFileType = text.xcconfig; name = "Pods-GitHubAppTests.debug.xcconfig"; path = "Target Support Files/Pods-GitHubAppTests/Pods-GitHubAppTests.debug.xcconfig"; sourceTree = "<group>"; };
/* End PBXFileReference section */

/* Begin PBXFrameworksBuildPhase section */
		929E3478297BF4D000C39F13 /* Frameworks */ = {
			isa = PBXFrameworksBuildPhase;
			buildActionMask = 2147483647;
			files = (
				9BDD98133F1939A2F12A580E /* Pods_GitHubApp.framework in Frameworks */,
			);
			runOnlyForDeploymentPostprocessing = 0;
		};
		929E3491297BF4D200C39F13 /* Frameworks */ = {
			isa = PBXFrameworksBuildPhase;
			buildActionMask = 2147483647;
			files = (
				64424709C03BFFDFD8C8143F /* Pods_GitHubAppTests.framework in Frameworks */,
			);
			runOnlyForDeploymentPostprocessing = 0;
		};
		929E349B297BF4D200C39F13 /* Frameworks */ = {
			isa = PBXFrameworksBuildPhase;
			buildActionMask = 2147483647;
			files = (
				8AA3C1A21EF83E69C9491ED2 /* Pods_GitHubApp_GitHubAppUITests.framework in Frameworks */,
			);
			runOnlyForDeploymentPostprocessing = 0;
		};
/* End PBXFrameworksBuildPhase section */

/* Begin PBXGroup section */
		3BC532A49D10F621F934803A /* Frameworks */ = {
			isa = PBXGroup;
			children = (
				D30885045942A4B79B487DD6 /* Pods_GitHubApp.framework */,
				D8A07EA981AE54BBF0106414 /* Pods_GitHubApp_GitHubAppUITests.framework */,
				C5195C5903B2735DD1FE001E /* Pods_GitHubAppTests.framework */,
			);
			name = Frameworks;
			sourceTree = "<group>";
		};
		5348229BF3AC8F659FC5AA58 /* Pods */ = {
			isa = PBXGroup;
			children = (
				2EBA7DBA997ABB8DED488BE3 /* Pods-GitHubApp.debug.xcconfig */,
				063059938AAB374D967D8155 /* Pods-GitHubApp.release.xcconfig */,
				97D310D3AF822ACE2232D26E /* Pods-GitHubApp-GitHubAppUITests.debug.xcconfig */,
				2CE4EA511C108E8F3210D3C4 /* Pods-GitHubApp-GitHubAppUITests.release.xcconfig */,
				F2B493BA291967AF5568BA3A /* Pods-GitHubAppTests.debug.xcconfig */,
				2F52E482A4558CAFEFCBCF0A /* Pods-GitHubAppTests.release.xcconfig */,
			);
			path = Pods;
			sourceTree = "<group>";
		};
		929E3472297BF4D000C39F13 = {
			isa = PBXGroup;
			children = (
				929E347D297BF4D000C39F13 /* GitHubApp */,
				929E3497297BF4D200C39F13 /* GitHubAppTests */,
				929E34A1297BF4D200C39F13 /* GitHubAppUITests */,
				929E347C297BF4D000C39F13 /* Products */,
				5348229BF3AC8F659FC5AA58 /* Pods */,
				3BC532A49D10F621F934803A /* Frameworks */,
			);
			sourceTree = "<group>";
		};
		929E347C297BF4D000C39F13 /* Products */ = {
			isa = PBXGroup;
			children = (
				929E347B297BF4D000C39F13 /* GitHubApp.app */,
				929E3494297BF4D200C39F13 /* GitHubAppTests.xctest */,
				929E349E297BF4D200C39F13 /* GitHubAppUITests.xctest */,
			);
			name = Products;
			sourceTree = "<group>";
		};
		929E347D297BF4D000C39F13 /* GitHubApp */ = {
			isa = PBXGroup;
			children = (
				929E34B7297BF8B600C39F13 /* Application */,
				929E34B8297BF90D00C39F13 /* Modules */,
				929E34CA297BFA1700C39F13 /* Commons */,
				929E34CE297BFA5700C39F13 /* Tools */,
				929E34E0297C276C00C39F13 /* Theme */,
				929E34DC297BFACE00C39F13 /* SupportingFiles */,
				929E348F297BF4D200C39F13 /* Info.plist */,
				929E3487297BF4D000C39F13 /* GitHubApp.xcdatamodeld */,
			);
			path = GitHubApp;
			sourceTree = "<group>";
		};
		929E3497297BF4D200C39F13 /* GitHubAppTests */ = {
			isa = PBXGroup;
			children = (
				929E3498297BF4D200C39F13 /* GitHubAppTests.swift */,
			);
			path = GitHubAppTests;
			sourceTree = "<group>";
		};
		929E34A1297BF4D200C39F13 /* GitHubAppUITests */ = {
			isa = PBXGroup;
			children = (
				929E34A2297BF4D200C39F13 /* GitHubAppUITests.swift */,
				929E34A4297BF4D200C39F13 /* GitHubAppUITestsLaunchTests.swift */,
			);
			path = GitHubAppUITests;
			sourceTree = "<group>";
		};
		929E34B7297BF8B600C39F13 /* Application */ = {
			isa = PBXGroup;
			children = (
				929E347E297BF4D000C39F13 /* AppDelegate.swift */,
			);
			path = Application;
			sourceTree = "<group>";
		};
		929E34B8297BF90D00C39F13 /* Modules */ = {
			isa = PBXGroup;
			children = (
				929E34B9297BF91E00C39F13 /* List */,
				929E350E297C910B00C39F13 /* Detail */,
			);
			path = Modules;
			sourceTree = "<group>";
		};
		929E34B9297BF91E00C39F13 /* List */ = {
			isa = PBXGroup;
			children = (
				929E34C1297BF97E00C39F13 /* Entity */,
				929E34BE297BF96900C39F13 /* View */,
				929E34C8297BF9EF00C39F13 /* ListContractor.swift */,
				929E34C6297BF9E300C39F13 /* ListRouter.swift */,
				929E34BC297BF96300C39F13 /* ListPresenter.swift */,
				929E34BA297BF95300C39F13 /* ListInteractor.swift */,
			);
			path = List;
			sourceTree = "<group>";
		};
		929E34BE297BF96900C39F13 /* View */ = {
			isa = PBXGroup;
			children = (
				929E3506297C8B4200C39F13 /* Connector */,
				929E34C2297BF9A900C39F13 /* ListViewController.swift */,
				929E34C3297BF9A900C39F13 /* ListViewController.xib */,
			);
			path = View;
			sourceTree = "<group>";
		};
		929E34C1297BF97E00C39F13 /* Entity */ = {
			isa = PBXGroup;
			children = (
				929E34BF297BF97A00C39F13 /* Models.swift */,
			);
			path = Entity;
			sourceTree = "<group>";
		};
		929E34CA297BFA1700C39F13 /* Commons */ = {
			isa = PBXGroup;
			children = (
				929E34CB297BFA2100C39F13 /* Base */,
			);
			path = Commons;
			sourceTree = "<group>";
		};
		929E34CB297BFA2100C39F13 /* Base */ = {
			isa = PBXGroup;
			children = (
				929E34CC297BFA3400C39F13 /* BaseViewController.swift */,
			);
			path = Base;
			sourceTree = "<group>";
		};
		929E34CE297BFA5700C39F13 /* Tools */ = {
			isa = PBXGroup;
			children = (
				929E34EF297C37F300C39F13 /* Extensions */,
				929E34E7297C28F500C39F13 /* ActivityIndicator */,
				929E34D5297BFA9400C39F13 /* Network */,
				929E34D2297BFA7C00C39F13 /* CoreData */,
				929E34CF297BFA6500C39F13 /* BaseProtocols */,
			);
			path = Tools;
			sourceTree = "<group>";
		};
		929E34CF297BFA6500C39F13 /* BaseProtocols */ = {
			isa = PBXGroup;
			children = (
				929E34D0297BFA7500C39F13 /* Contractable.swift */,
			);
			path = BaseProtocols;
			sourceTree = "<group>";
		};
		929E34D2297BFA7C00C39F13 /* CoreData */ = {
			isa = PBXGroup;
			children = (
				929E34D3297BFA8B00C39F13 /* CoreDataManager.swift */,
			);
			path = CoreData;
			sourceTree = "<group>";
		};
		929E34D5297BFA9400C39F13 /* Network */ = {
			isa = PBXGroup;
			children = (
				929E34D6297BFAA400C39F13 /* NetworkManager.swift */,
				929E3504297C892500C39F13 /* GenericResponseModel.swift */,
				929E34DA297BFAB700C39F13 /* Networkable.swift */,
			);
			path = Network;
			sourceTree = "<group>";
		};
		929E34DC297BFACE00C39F13 /* SupportingFiles */ = {
			isa = PBXGroup;
			children = (
				929E34DD297BFAEA00C39F13 /* Lottie */,
				929E3484297BF4D000C39F13 /* Main.storyboard */,
				929E348C297BF4D200C39F13 /* LaunchScreen.storyboard */,
				929E348A297BF4D200C39F13 /* Assets.xcassets */,
			);
			path = SupportingFiles;
			sourceTree = "<group>";
		};
		929E34DD297BFAEA00C39F13 /* Lottie */ = {
			isa = PBXGroup;
			children = (
				929E34DE297BFB0B00C39F13 /* indicator-animation-view.json */,
			);
			path = Lottie;
			sourceTree = "<group>";
		};
		929E34E0297C276C00C39F13 /* Theme */ = {
			isa = PBXGroup;
			children = (
				929E34E3297C279200C39F13 /* Colours.swift */,
				929E34E5297C279900C39F13 /* Fonts.swift */,
			);
			path = Theme;
			sourceTree = "<group>";
		};
		929E34E7297C28F500C39F13 /* ActivityIndicator */ = {
			isa = PBXGroup;
			children = (
				929E34E8297C28FC00C39F13 /* View */,
				929E34ED297C296E00C39F13 /* ActivityIndicatorManager.swift */,
			);
			path = ActivityIndicator;
			sourceTree = "<group>";
		};
		929E34E8297C28FC00C39F13 /* View */ = {
			isa = PBXGroup;
			children = (
				929E34E9297C291000C39F13 /* ActivityIndicator.swift */,
				929E34EA297C291000C39F13 /* ActivityIndicator.xib */,
			);
			path = View;
			sourceTree = "<group>";
		};
		929E34EF297C37F300C39F13 /* Extensions */ = {
			isa = PBXGroup;
			children = (
				929E34F0297C380200C39F13 /* CGFloat+Ext.swift */,
				929E34F2297C381D00C39F13 /* UIView+Ext.swift */,
				929E34F4297C7FB400C39F13 /* String+Ext.swift */,
				929E34FA297C809300C39F13 /* UITableView+Ext.swift */,
				929E351C297CA8E100C39F13 /* Encodable+Ext.swift */,
				929E34FC297C80C200C39F13 /* NSObject+Ext.swift */,
				929E34FE297C811600C39F13 /* UINavigationController+Ext.swift */,
				929E351E297CB13C00C39F13 /* Double+Ext.swift */,
				920C6355297CBDC800B988CC /* UIImageView+Ext.swift */,
				929E3500297C812A00C39F13 /* Optional+Ext.swift */,
				929E3502297C815000C39F13 /* Int+Ext.swift */,
				929E34F6297C801500C39F13 /* UICollectionView+Ext.swift */,
				929E34F8297C803500C39F13 /* Array+Ext.swift */,
			);
			path = Extensions;
			sourceTree = "<group>";
		};
		929E3506297C8B4200C39F13 /* Connector */ = {
			isa = PBXGroup;
			children = (
				929E3507297C8B4800C39F13 /* Cells */,
				929E3508297C8B5500C39F13 /* ListTableView.swift */,
			);
			path = Connector;
			sourceTree = "<group>";
		};
		929E3507297C8B4800C39F13 /* Cells */ = {
			isa = PBXGroup;
			children = (
				929E350A297C909700C39F13 /* ListTableViewCell.swift */,
				929E350B297C909700C39F13 /* ListTableViewCell.xib */,
			);
			path = Cells;
			sourceTree = "<group>";
		};
		929E350E297C910B00C39F13 /* Detail */ = {
			isa = PBXGroup;
			children = (
				929E3517297C914900C39F13 /* View */,
				929E3515297C913E00C39F13 /* DetailContractor.swift */,
				929E3513297C913300C39F13 /* DetailRouter.swift */,
				929E3511297C912900C39F13 /* DetailPresenter.swift */,
				929E350F297C911C00C39F13 /* DetailInteractor.swift */,
			);
			path = Detail;
			sourceTree = "<group>";
		};
		929E3517297C914900C39F13 /* View */ = {
			isa = PBXGroup;
			children = (
				929E3518297C916500C39F13 /* DetailViewController.swift */,
				929E3519297C916500C39F13 /* DetailViewController.xib */,
			);
			path = View;
			sourceTree = "<group>";
		};
/* End PBXGroup section */

/* Begin PBXNativeTarget section */
		929E347A297BF4D000C39F13 /* GitHubApp */ = {
			isa = PBXNativeTarget;
			buildConfigurationList = 929E34A8297BF4D200C39F13 /* Build configuration list for PBXNativeTarget "GitHubApp" */;
			buildPhases = (
				09D3855B67CF8EAB086C7939 /* [CP] Check Pods Manifest.lock */,
				929E3477297BF4D000C39F13 /* Sources */,
				929E3478297BF4D000C39F13 /* Frameworks */,
				929E3479297BF4D000C39F13 /* Resources */,
				3AF8185C8185E55F20C89B31 /* [CP] Embed Pods Frameworks */,
			);
			buildRules = (
			);
			dependencies = (
			);
			name = GitHubApp;
			packageProductDependencies = (
			);
			productName = GitHubApp;
			productReference = 929E347B297BF4D000C39F13 /* GitHubApp.app */;
			productType = "com.apple.product-type.application";
		};
		929E3493297BF4D200C39F13 /* GitHubAppTests */ = {
			isa = PBXNativeTarget;
			buildConfigurationList = 929E34AB297BF4D200C39F13 /* Build configuration list for PBXNativeTarget "GitHubAppTests" */;
			buildPhases = (
				0F1377E24630EEFD0FA40EC7 /* [CP] Check Pods Manifest.lock */,
				929E3490297BF4D200C39F13 /* Sources */,
				929E3491297BF4D200C39F13 /* Frameworks */,
				929E3492297BF4D200C39F13 /* Resources */,
			);
			buildRules = (
			);
			dependencies = (
				929E3496297BF4D200C39F13 /* PBXTargetDependency */,
			);
			name = GitHubAppTests;
			productName = GitHubAppTests;
			productReference = 929E3494297BF4D200C39F13 /* GitHubAppTests.xctest */;
			productType = "com.apple.product-type.bundle.unit-test";
		};
		929E349D297BF4D200C39F13 /* GitHubAppUITests */ = {
			isa = PBXNativeTarget;
			buildConfigurationList = 929E34AE297BF4D200C39F13 /* Build configuration list for PBXNativeTarget "GitHubAppUITests" */;
			buildPhases = (
				E6D4913A745F67031D01E36A /* [CP] Check Pods Manifest.lock */,
				929E349A297BF4D200C39F13 /* Sources */,
				929E349B297BF4D200C39F13 /* Frameworks */,
				929E349C297BF4D200C39F13 /* Resources */,
				FAE270E9A36012641C81B667 /* [CP] Embed Pods Frameworks */,
			);
			buildRules = (
			);
			dependencies = (
				929E34A0297BF4D200C39F13 /* PBXTargetDependency */,
			);
			name = GitHubAppUITests;
			productName = GitHubAppUITests;
			productReference = 929E349E297BF4D200C39F13 /* GitHubAppUITests.xctest */;
			productType = "com.apple.product-type.bundle.ui-testing";
		};
/* End PBXNativeTarget section */

/* Begin PBXProject section */
		929E3473297BF4D000C39F13 /* Project object */ = {
			isa = PBXProject;
			attributes = {
				BuildIndependentTargetsInParallel = 1;
				LastSwiftUpdateCheck = 1410;
				LastUpgradeCheck = 1410;
				TargetAttributes = {
					929E347A297BF4D000C39F13 = {
						CreatedOnToolsVersion = 14.1;
					};
					929E3493297BF4D200C39F13 = {
						CreatedOnToolsVersion = 14.1;
						TestTargetID = 929E347A297BF4D000C39F13;
					};
					929E349D297BF4D200C39F13 = {
						CreatedOnToolsVersion = 14.1;
						TestTargetID = 929E347A297BF4D000C39F13;
					};
				};
			};
			buildConfigurationList = 929E3476297BF4D000C39F13 /* Build configuration list for PBXProject "GitHubApp" */;
			compatibilityVersion = "Xcode 13.0";
			developmentRegion = en;
			hasScannedForEncodings = 0;
			knownRegions = (
				en,
				Base,
			);
			mainGroup = 929E3472297BF4D000C39F13;
			packageReferences = (
			);
			productRefGroup = 929E347C297BF4D000C39F13 /* Products */;
			projectDirPath = "";
			projectRoot = "";
			targets = (
				929E347A297BF4D000C39F13 /* GitHubApp */,
				929E3493297BF4D200C39F13 /* GitHubAppTests */,
				929E349D297BF4D200C39F13 /* GitHubAppUITests */,
			);
		};
/* End PBXProject section */

/* Begin PBXResourcesBuildPhase section */
		929E3479297BF4D000C39F13 /* Resources */ = {
			isa = PBXResourcesBuildPhase;
			buildActionMask = 2147483647;
			files = (
				929E34DF297BFB0B00C39F13 /* indicator-animation-view.json in Resources */,
				929E348E297BF4D200C39F13 /* LaunchScreen.storyboard in Resources */,
				929E348B297BF4D200C39F13 /* Assets.xcassets in Resources */,
				929E351B297C916500C39F13 /* DetailViewController.xib in Resources */,
				929E34C5297BF9A900C39F13 /* ListViewController.xib in Resources */,
				929E34EC297C291000C39F13 /* ActivityIndicator.xib in Resources */,
				929E3486297BF4D000C39F13 /* Main.storyboard in Resources */,
				929E350D297C909700C39F13 /* ListTableViewCell.xib in Resources */,
			);
			runOnlyForDeploymentPostprocessing = 0;
		};
		929E3492297BF4D200C39F13 /* Resources */ = {
			isa = PBXResourcesBuildPhase;
			buildActionMask = 2147483647;
			files = (
			);
			runOnlyForDeploymentPostprocessing = 0;
		};
		929E349C297BF4D200C39F13 /* Resources */ = {
			isa = PBXResourcesBuildPhase;
			buildActionMask = 2147483647;
			files = (
			);
			runOnlyForDeploymentPostprocessing = 0;
		};
/* End PBXResourcesBuildPhase section */

/* Begin PBXShellScriptBuildPhase section */
		09D3855B67CF8EAB086C7939 /* [CP] Check Pods Manifest.lock */ = {
			isa = PBXShellScriptBuildPhase;
			buildActionMask = 2147483647;
			files = (
			);
			inputFileListPaths = (
			);
			inputPaths = (
				"${PODS_PODFILE_DIR_PATH}/Podfile.lock",
				"${PODS_ROOT}/Manifest.lock",
			);
			name = "[CP] Check Pods Manifest.lock";
			outputFileListPaths = (
			);
			outputPaths = (
				"$(DERIVED_FILE_DIR)/Pods-GitHubApp-checkManifestLockResult.txt",
			);
			runOnlyForDeploymentPostprocessing = 0;
			shellPath = /bin/sh;
			shellScript = "diff \"${PODS_PODFILE_DIR_PATH}/Podfile.lock\" \"${PODS_ROOT}/Manifest.lock\" > /dev/null\nif [ $? != 0 ] ; then\n    # print error to STDERR\n    echo \"error: The sandbox is not in sync with the Podfile.lock. Run 'pod install' or update your CocoaPods installation.\" >&2\n    exit 1\nfi\n# This output is used by Xcode 'outputs' to avoid re-running this script phase.\necho \"SUCCESS\" > \"${SCRIPT_OUTPUT_FILE_0}\"\n";
			showEnvVarsInLog = 0;
		};
		0F1377E24630EEFD0FA40EC7 /* [CP] Check Pods Manifest.lock */ = {
			isa = PBXShellScriptBuildPhase;
			buildActionMask = 2147483647;
			files = (
			);
			inputFileListPaths = (
			);
			inputPaths = (
				"${PODS_PODFILE_DIR_PATH}/Podfile.lock",
				"${PODS_ROOT}/Manifest.lock",
			);
			name = "[CP] Check Pods Manifest.lock";
			outputFileListPaths = (
			);
			outputPaths = (
				"$(DERIVED_FILE_DIR)/Pods-GitHubAppTests-checkManifestLockResult.txt",
			);
			runOnlyForDeploymentPostprocessing = 0;
			shellPath = /bin/sh;
			shellScript = "diff \"${PODS_PODFILE_DIR_PATH}/Podfile.lock\" \"${PODS_ROOT}/Manifest.lock\" > /dev/null\nif [ $? != 0 ] ; then\n    # print error to STDERR\n    echo \"error: The sandbox is not in sync with the Podfile.lock. Run 'pod install' or update your CocoaPods installation.\" >&2\n    exit 1\nfi\n# This output is used by Xcode 'outputs' to avoid re-running this script phase.\necho \"SUCCESS\" > \"${SCRIPT_OUTPUT_FILE_0}\"\n";
			showEnvVarsInLog = 0;
		};
		3AF8185C8185E55F20C89B31 /* [CP] Embed Pods Frameworks */ = {
			isa = PBXShellScriptBuildPhase;
			buildActionMask = 2147483647;
			files = (
			);
			inputFileListPaths = (
				"${PODS_ROOT}/Target Support Files/Pods-GitHubApp/Pods-GitHubApp-frameworks-${CONFIGURATION}-input-files.xcfilelist",
			);
			name = "[CP] Embed Pods Frameworks";
			outputFileListPaths = (
				"${PODS_ROOT}/Target Support Files/Pods-GitHubApp/Pods-GitHubApp-frameworks-${CONFIGURATION}-output-files.xcfilelist",
			);
			runOnlyForDeploymentPostprocessing = 0;
			shellPath = /bin/sh;
			shellScript = "\"${PODS_ROOT}/Target Support Files/Pods-GitHubApp/Pods-GitHubApp-frameworks.sh\"\n";
			showEnvVarsInLog = 0;
		};
		E6D4913A745F67031D01E36A /* [CP] Check Pods Manifest.lock */ = {
			isa = PBXShellScriptBuildPhase;
			buildActionMask = 2147483647;
			files = (
			);
			inputFileListPaths = (
			);
			inputPaths = (
				"${PODS_PODFILE_DIR_PATH}/Podfile.lock",
				"${PODS_ROOT}/Manifest.lock",
			);
			name = "[CP] Check Pods Manifest.lock";
			outputFileListPaths = (
			);
			outputPaths = (
				"$(DERIVED_FILE_DIR)/Pods-GitHubApp-GitHubAppUITests-checkManifestLockResult.txt",
			);
			runOnlyForDeploymentPostprocessing = 0;
			shellPath = /bin/sh;
			shellScript = "diff \"${PODS_PODFILE_DIR_PATH}/Podfile.lock\" \"${PODS_ROOT}/Manifest.lock\" > /dev/null\nif [ $? != 0 ] ; then\n    # print error to STDERR\n    echo \"error: The sandbox is not in sync with the Podfile.lock. Run 'pod install' or update your CocoaPods installation.\" >&2\n    exit 1\nfi\n# This output is used by Xcode 'outputs' to avoid re-running this script phase.\necho \"SUCCESS\" > \"${SCRIPT_OUTPUT_FILE_0}\"\n";
			showEnvVarsInLog = 0;
		};
		FAE270E9A36012641C81B667 /* [CP] Embed Pods Frameworks */ = {
			isa = PBXShellScriptBuildPhase;
			buildActionMask = 2147483647;
			files = (
			);
			inputFileListPaths = (
				"${PODS_ROOT}/Target Support Files/Pods-GitHubApp-GitHubAppUITests/Pods-GitHubApp-GitHubAppUITests-frameworks-${CONFIGURATION}-input-files.xcfilelist",
			);
			name = "[CP] Embed Pods Frameworks";
			outputFileListPaths = (
				"${PODS_ROOT}/Target Support Files/Pods-GitHubApp-GitHubAppUITests/Pods-GitHubApp-GitHubAppUITests-frameworks-${CONFIGURATION}-output-files.xcfilelist",
			);
			runOnlyForDeploymentPostprocessing = 0;
			shellPath = /bin/sh;
			shellScript = "\"${PODS_ROOT}/Target Support Files/Pods-GitHubApp-GitHubAppUITests/Pods-GitHubApp-GitHubAppUITests-frameworks.sh\"\n";
			showEnvVarsInLog = 0;
		};
/* End PBXShellScriptBuildPhase section */

/* Begin PBXSourcesBuildPhase section */
		929E3477297BF4D000C39F13 /* Sources */ = {
			isa = PBXSourcesBuildPhase;
			buildActionMask = 2147483647;
			files = (
				929E34EE297C296E00C39F13 /* ActivityIndicatorManager.swift in Sources */,
				929E3516297C913E00C39F13 /* DetailContractor.swift in Sources */,
				929E34E6297C279900C39F13 /* Fonts.swift in Sources */,
				929E351D297CA8E100C39F13 /* Encodable+Ext.swift in Sources */,
				920C6356297CBDC800B988CC /* UIImageView+Ext.swift in Sources */,
				929E34D7297BFAA400C39F13 /* NetworkManager.swift in Sources */,
				929E34E4297C279200C39F13 /* Colours.swift in Sources */,
				929E34BB297BF95300C39F13 /* ListInteractor.swift in Sources */,
				929E34FF297C811600C39F13 /* UINavigationController+Ext.swift in Sources */,
				929E3503297C815000C39F13 /* Int+Ext.swift in Sources */,
				929E34D1297BFA7500C39F13 /* Contractable.swift in Sources */,
				929E34C7297BF9E300C39F13 /* ListRouter.swift in Sources */,
				929E3510297C911C00C39F13 /* DetailInteractor.swift in Sources */,
				929E34C9297BF9EF00C39F13 /* ListContractor.swift in Sources */,
				929E347F297BF4D000C39F13 /* AppDelegate.swift in Sources */,
				929E3514297C913300C39F13 /* DetailRouter.swift in Sources */,
				929E34F9297C803500C39F13 /* Array+Ext.swift in Sources */,
				929E351F297CB13C00C39F13 /* Double+Ext.swift in Sources */,
				929E34C4297BF9A900C39F13 /* ListViewController.swift in Sources */,
				929E34CD297BFA3400C39F13 /* BaseViewController.swift in Sources */,
				929E3501297C812A00C39F13 /* Optional+Ext.swift in Sources */,
				929E3509297C8B5500C39F13 /* ListTableView.swift in Sources */,
				929E34F3297C381D00C39F13 /* UIView+Ext.swift in Sources */,
				929E3505297C892500C39F13 /* GenericResponseModel.swift in Sources */,
				929E34F1297C380200C39F13 /* CGFloat+Ext.swift in Sources */,
				929E34BD297BF96300C39F13 /* ListPresenter.swift in Sources */,
				929E34F5297C7FB400C39F13 /* String+Ext.swift in Sources */,
				929E34F7297C801500C39F13 /* UICollectionView+Ext.swift in Sources */,
				929E34DB297BFAB700C39F13 /* Networkable.swift in Sources */,
				929E3489297BF4D000C39F13 /* GitHubApp.xcdatamodeld in Sources */,
				929E351A297C916500C39F13 /* DetailViewController.swift in Sources */,
				929E34C0297BF97A00C39F13 /* Models.swift in Sources */,
				929E34FD297C80C200C39F13 /* NSObject+Ext.swift in Sources */,
				929E3512297C912900C39F13 /* DetailPresenter.swift in Sources */,
				929E34FB297C809300C39F13 /* UITableView+Ext.swift in Sources */,
				929E34D4297BFA8B00C39F13 /* CoreDataManager.swift in Sources */,
				929E34EB297C291000C39F13 /* ActivityIndicator.swift in Sources */,
				929E350C297C909700C39F13 /* ListTableViewCell.swift in Sources */,
			);
			runOnlyForDeploymentPostprocessing = 0;
		};
		929E3490297BF4D200C39F13 /* Sources */ = {
			isa = PBXSourcesBuildPhase;
			buildActionMask = 2147483647;
			files = (
				929E3499297BF4D200C39F13 /* GitHubAppTests.swift in Sources */,
			);
			runOnlyForDeploymentPostprocessing = 0;
		};
		929E349A297BF4D200C39F13 /* Sources */ = {
			isa = PBXSourcesBuildPhase;
			buildActionMask = 2147483647;
			files = (
				929E34A3297BF4D200C39F13 /* GitHubAppUITests.swift in Sources */,
				929E34A5297BF4D200C39F13 /* GitHubAppUITestsLaunchTests.swift in Sources */,
			);
			runOnlyForDeploymentPostprocessing = 0;
		};
/* End PBXSourcesBuildPhase section */

/* Begin PBXTargetDependency section */
		929E3496297BF4D200C39F13 /* PBXTargetDependency */ = {
			isa = PBXTargetDependency;
			target = 929E347A297BF4D000C39F13 /* GitHubApp */;
			targetProxy = 929E3495297BF4D200C39F13 /* PBXContainerItemProxy */;
		};
		929E34A0297BF4D200C39F13 /* PBXTargetDependency */ = {
			isa = PBXTargetDependency;
			target = 929E347A297BF4D000C39F13 /* GitHubApp */;
			targetProxy = 929E349F297BF4D200C39F13 /* PBXContainerItemProxy */;
		};
/* End PBXTargetDependency section */

/* Begin PBXVariantGroup section */
		929E3484297BF4D000C39F13 /* Main.storyboard */ = {
			isa = PBXVariantGroup;
			children = (
				929E3485297BF4D000C39F13 /* Base */,
			);
			name = Main.storyboard;
			sourceTree = "<group>";
		};
		929E348C297BF4D200C39F13 /* LaunchScreen.storyboard */ = {
			isa = PBXVariantGroup;
			children = (
				929E348D297BF4D200C39F13 /* Base */,
			);
			name = LaunchScreen.storyboard;
			sourceTree = "<group>";
		};
/* End PBXVariantGroup section */

/* Begin XCBuildConfiguration section */
		929E34A6297BF4D200C39F13 /* Debug */ = {
			isa = XCBuildConfiguration;
			buildSettings = {
				ALWAYS_SEARCH_USER_PATHS = NO;
				CLANG_ANALYZER_NONNULL = YES;
				CLANG_ANALYZER_NUMBER_OBJECT_CONVERSION = YES_AGGRESSIVE;
				CLANG_CXX_LANGUAGE_STANDARD = "gnu++20";
				CLANG_ENABLE_MODULES = YES;
				CLANG_ENABLE_OBJC_ARC = YES;
				CLANG_ENABLE_OBJC_WEAK = YES;
				CLANG_WARN_BLOCK_CAPTURE_AUTORELEASING = YES;
				CLANG_WARN_BOOL_CONVERSION = YES;
				CLANG_WARN_COMMA = YES;
				CLANG_WARN_CONSTANT_CONVERSION = YES;
				CLANG_WARN_DEPRECATED_OBJC_IMPLEMENTATIONS = YES;
				CLANG_WARN_DIRECT_OBJC_ISA_USAGE = YES_ERROR;
				CLANG_WARN_DOCUMENTATION_COMMENTS = YES;
				CLANG_WARN_EMPTY_BODY = YES;
				CLANG_WARN_ENUM_CONVERSION = YES;
				CLANG_WARN_INFINITE_RECURSION = YES;
				CLANG_WARN_INT_CONVERSION = YES;
				CLANG_WARN_NON_LITERAL_NULL_CONVERSION = YES;
				CLANG_WARN_OBJC_IMPLICIT_RETAIN_SELF = YES;
				CLANG_WARN_OBJC_LITERAL_CONVERSION = YES;
				CLANG_WARN_OBJC_ROOT_CLASS = YES_ERROR;
				CLANG_WARN_QUOTED_INCLUDE_IN_FRAMEWORK_HEADER = YES;
				CLANG_WARN_RANGE_LOOP_ANALYSIS = YES;
				CLANG_WARN_STRICT_PROTOTYPES = YES;
				CLANG_WARN_SUSPICIOUS_MOVE = YES;
				CLANG_WARN_UNGUARDED_AVAILABILITY = YES_AGGRESSIVE;
				CLANG_WARN_UNREACHABLE_CODE = YES;
				CLANG_WARN__DUPLICATE_METHOD_MATCH = YES;
				COPY_PHASE_STRIP = NO;
				DEBUG_INFORMATION_FORMAT = dwarf;
				ENABLE_STRICT_OBJC_MSGSEND = YES;
				ENABLE_TESTABILITY = YES;
				GCC_C_LANGUAGE_STANDARD = gnu11;
				GCC_DYNAMIC_NO_PIC = NO;
				GCC_NO_COMMON_BLOCKS = YES;
				GCC_OPTIMIZATION_LEVEL = 0;
				GCC_PREPROCESSOR_DEFINITIONS = (
					"DEBUG=1",
					"$(inherited)",
				);
				GCC_WARN_64_TO_32_BIT_CONVERSION = YES;
				GCC_WARN_ABOUT_RETURN_TYPE = YES_ERROR;
				GCC_WARN_UNDECLARED_SELECTOR = YES;
				GCC_WARN_UNINITIALIZED_AUTOS = YES_AGGRESSIVE;
				GCC_WARN_UNUSED_FUNCTION = YES;
				GCC_WARN_UNUSED_VARIABLE = YES;
				IPHONEOS_DEPLOYMENT_TARGET = 12.0;
				MTL_ENABLE_DEBUG_INFO = INCLUDE_SOURCE;
				MTL_FAST_MATH = YES;
				ONLY_ACTIVE_ARCH = YES;
				SDKROOT = iphoneos;
				SWIFT_ACTIVE_COMPILATION_CONDITIONS = DEBUG;
				SWIFT_OPTIMIZATION_LEVEL = "-Onone";
			};
			name = Debug;
		};
		929E34A7297BF4D200C39F13 /* Release */ = {
			isa = XCBuildConfiguration;
			buildSettings = {
				ALWAYS_SEARCH_USER_PATHS = NO;
				CLANG_ANALYZER_NONNULL = YES;
				CLANG_ANALYZER_NUMBER_OBJECT_CONVERSION = YES_AGGRESSIVE;
				CLANG_CXX_LANGUAGE_STANDARD = "gnu++20";
				CLANG_ENABLE_MODULES = YES;
				CLANG_ENABLE_OBJC_ARC = YES;
				CLANG_ENABLE_OBJC_WEAK = YES;
				CLANG_WARN_BLOCK_CAPTURE_AUTORELEASING = YES;
				CLANG_WARN_BOOL_CONVERSION = YES;
				CLANG_WARN_COMMA = YES;
				CLANG_WARN_CONSTANT_CONVERSION = YES;
				CLANG_WARN_DEPRECATED_OBJC_IMPLEMENTATIONS = YES;
				CLANG_WARN_DIRECT_OBJC_ISA_USAGE = YES_ERROR;
				CLANG_WARN_DOCUMENTATION_COMMENTS = YES;
				CLANG_WARN_EMPTY_BODY = YES;
				CLANG_WARN_ENUM_CONVERSION = YES;
				CLANG_WARN_INFINITE_RECURSION = YES;
				CLANG_WARN_INT_CONVERSION = YES;
				CLANG_WARN_NON_LITERAL_NULL_CONVERSION = YES;
				CLANG_WARN_OBJC_IMPLICIT_RETAIN_SELF = YES;
				CLANG_WARN_OBJC_LITERAL_CONVERSION = YES;
				CLANG_WARN_OBJC_ROOT_CLASS = YES_ERROR;
				CLANG_WARN_QUOTED_INCLUDE_IN_FRAMEWORK_HEADER = YES;
				CLANG_WARN_RANGE_LOOP_ANALYSIS = YES;
				CLANG_WARN_STRICT_PROTOTYPES = YES;
				CLANG_WARN_SUSPICIOUS_MOVE = YES;
				CLANG_WARN_UNGUARDED_AVAILABILITY = YES_AGGRESSIVE;
				CLANG_WARN_UNREACHABLE_CODE = YES;
				CLANG_WARN__DUPLICATE_METHOD_MATCH = YES;
				COPY_PHASE_STRIP = NO;
				DEBUG_INFORMATION_FORMAT = "dwarf-with-dsym";
				ENABLE_NS_ASSERTIONS = NO;
				ENABLE_STRICT_OBJC_MSGSEND = YES;
				GCC_C_LANGUAGE_STANDARD = gnu11;
				GCC_NO_COMMON_BLOCKS = YES;
				GCC_WARN_64_TO_32_BIT_CONVERSION = YES;
				GCC_WARN_ABOUT_RETURN_TYPE = YES_ERROR;
				GCC_WARN_UNDECLARED_SELECTOR = YES;
				GCC_WARN_UNINITIALIZED_AUTOS = YES_AGGRESSIVE;
				GCC_WARN_UNUSED_FUNCTION = YES;
				GCC_WARN_UNUSED_VARIABLE = YES;
				IPHONEOS_DEPLOYMENT_TARGET = 12.0;
				MTL_ENABLE_DEBUG_INFO = NO;
				MTL_FAST_MATH = YES;
				SDKROOT = iphoneos;
				SWIFT_COMPILATION_MODE = wholemodule;
				SWIFT_OPTIMIZATION_LEVEL = "-O";
				VALIDATE_PRODUCT = YES;
			};
			name = Release;
		};
		929E34A9297BF4D200C39F13 /* Debug */ = {
			isa = XCBuildConfiguration;
			baseConfigurationReference = 2EBA7DBA997ABB8DED488BE3 /* Pods-GitHubApp.debug.xcconfig */;
			buildSettings = {
				ASSETCATALOG_COMPILER_APPICON_NAME = AppIcon;
				ASSETCATALOG_COMPILER_GLOBAL_ACCENT_COLOR_NAME = AccentColor;
				CODE_SIGN_STYLE = Automatic;
				CURRENT_PROJECT_VERSION = 1;
				GENERATE_INFOPLIST_FILE = YES;
				INFOPLIST_FILE = GitHubApp/Info.plist;
				INFOPLIST_KEY_UIApplicationSupportsIndirectInputEvents = YES;
				INFOPLIST_KEY_UILaunchStoryboardName = LaunchScreen;
				INFOPLIST_KEY_UIMainStoryboardFile = Main;
				INFOPLIST_KEY_UISupportedInterfaceOrientations = UIInterfaceOrientationPortrait;
				INFOPLIST_KEY_UISupportedInterfaceOrientations_iPad = "UIInterfaceOrientationLandscapeLeft UIInterfaceOrientationLandscapeRight UIInterfaceOrientationPortrait UIInterfaceOrientationPortraitUpsideDown";
				LD_RUNPATH_SEARCH_PATHS = (
					"$(inherited)",
					"@executable_path/Frameworks",
				);
				MARKETING_VERSION = 1.0;
				PRODUCT_BUNDLE_IDENTIFIER = com.oguzzylcn.GitHubApp;
				PRODUCT_NAME = "$(TARGET_NAME)";
				SUPPORTED_PLATFORMS = "iphoneos iphonesimulator";
				SUPPORTS_MACCATALYST = NO;
				SUPPORTS_MAC_DESIGNED_FOR_IPHONE_IPAD = YES;
				SWIFT_EMIT_LOC_STRINGS = YES;
				SWIFT_VERSION = 5.0;
				TARGETED_DEVICE_FAMILY = 1;
			};
			name = Debug;
		};
		929E34AA297BF4D200C39F13 /* Release */ = {
			isa = XCBuildConfiguration;
			baseConfigurationReference = 063059938AAB374D967D8155 /* Pods-GitHubApp.release.xcconfig */;
			buildSettings = {
				ASSETCATALOG_COMPILER_APPICON_NAME = AppIcon;
				ASSETCATALOG_COMPILER_GLOBAL_ACCENT_COLOR_NAME = AccentColor;
				CODE_SIGN_STYLE = Automatic;
				CURRENT_PROJECT_VERSION = 1;
				GENERATE_INFOPLIST_FILE = YES;
				INFOPLIST_FILE = GitHubApp/Info.plist;
				INFOPLIST_KEY_UIApplicationSupportsIndirectInputEvents = YES;
				INFOPLIST_KEY_UILaunchStoryboardName = LaunchScreen;
				INFOPLIST_KEY_UIMainStoryboardFile = Main;
				INFOPLIST_KEY_UISupportedInterfaceOrientations = UIInterfaceOrientationPortrait;
				INFOPLIST_KEY_UISupportedInterfaceOrientations_iPad = "UIInterfaceOrientationLandscapeLeft UIInterfaceOrientationLandscapeRight UIInterfaceOrientationPortrait UIInterfaceOrientationPortraitUpsideDown";
				LD_RUNPATH_SEARCH_PATHS = (
					"$(inherited)",
					"@executable_path/Frameworks",
				);
				MARKETING_VERSION = 1.0;
				PRODUCT_BUNDLE_IDENTIFIER = com.oguzzylcn.GitHubApp;
				PRODUCT_NAME = "$(TARGET_NAME)";
				SUPPORTED_PLATFORMS = "iphoneos iphonesimulator";
				SUPPORTS_MACCATALYST = NO;
				SUPPORTS_MAC_DESIGNED_FOR_IPHONE_IPAD = YES;
				SWIFT_EMIT_LOC_STRINGS = YES;
				SWIFT_VERSION = 5.0;
				TARGETED_DEVICE_FAMILY = 1;
			};
			name = Release;
		};
		929E34AC297BF4D200C39F13 /* Debug */ = {
			isa = XCBuildConfiguration;
			baseConfigurationReference = F2B493BA291967AF5568BA3A /* Pods-GitHubAppTests.debug.xcconfig */;
			buildSettings = {
				ALWAYS_EMBED_SWIFT_STANDARD_LIBRARIES = YES;
				BUNDLE_LOADER = "$(TEST_HOST)";
				CODE_SIGN_STYLE = Automatic;
				CURRENT_PROJECT_VERSION = 1;
				GENERATE_INFOPLIST_FILE = YES;
				IPHONEOS_DEPLOYMENT_TARGET = 16.1;
				MARKETING_VERSION = 1.0;
				PRODUCT_BUNDLE_IDENTIFIER = com.oguzzylcn.GitHubAppTests;
				PRODUCT_NAME = "$(TARGET_NAME)";
				SWIFT_EMIT_LOC_STRINGS = NO;
				SWIFT_VERSION = 5.0;
				TARGETED_DEVICE_FAMILY = "1,2";
				TEST_HOST = "$(BUILT_PRODUCTS_DIR)/GitHubApp.app/$(BUNDLE_EXECUTABLE_FOLDER_PATH)/GitHubApp";
			};
			name = Debug;
		};
		929E34AD297BF4D200C39F13 /* Release */ = {
			isa = XCBuildConfiguration;
			baseConfigurationReference = 2F52E482A4558CAFEFCBCF0A /* Pods-GitHubAppTests.release.xcconfig */;
			buildSettings = {
				ALWAYS_EMBED_SWIFT_STANDARD_LIBRARIES = YES;
				BUNDLE_LOADER = "$(TEST_HOST)";
				CODE_SIGN_STYLE = Automatic;
				CURRENT_PROJECT_VERSION = 1;
				GENERATE_INFOPLIST_FILE = YES;
				IPHONEOS_DEPLOYMENT_TARGET = 16.1;
				MARKETING_VERSION = 1.0;
				PRODUCT_BUNDLE_IDENTIFIER = com.oguzzylcn.GitHubAppTests;
				PRODUCT_NAME = "$(TARGET_NAME)";
				SWIFT_EMIT_LOC_STRINGS = NO;
				SWIFT_VERSION = 5.0;
				TARGETED_DEVICE_FAMILY = "1,2";
				TEST_HOST = "$(BUILT_PRODUCTS_DIR)/GitHubApp.app/$(BUNDLE_EXECUTABLE_FOLDER_PATH)/GitHubApp";
			};
			name = Release;
		};
		929E34AF297BF4D200C39F13 /* Debug */ = {
			isa = XCBuildConfiguration;
			baseConfigurationReference = 97D310D3AF822ACE2232D26E /* Pods-GitHubApp-GitHubAppUITests.debug.xcconfig */;
			buildSettings = {
				ALWAYS_EMBED_SWIFT_STANDARD_LIBRARIES = YES;
				CODE_SIGN_STYLE = Automatic;
				CURRENT_PROJECT_VERSION = 1;
				GENERATE_INFOPLIST_FILE = YES;
				MARKETING_VERSION = 1.0;
				PRODUCT_BUNDLE_IDENTIFIER = com.oguzzylcn.GitHubAppUITests;
				PRODUCT_NAME = "$(TARGET_NAME)";
				SWIFT_EMIT_LOC_STRINGS = NO;
				SWIFT_VERSION = 5.0;
				TARGETED_DEVICE_FAMILY = "1,2";
				TEST_TARGET_NAME = GitHubApp;
			};
			name = Debug;
		};
		929E34B0297BF4D200C39F13 /* Release */ = {
			isa = XCBuildConfiguration;
			baseConfigurationReference = 2CE4EA511C108E8F3210D3C4 /* Pods-GitHubApp-GitHubAppUITests.release.xcconfig */;
			buildSettings = {
				ALWAYS_EMBED_SWIFT_STANDARD_LIBRARIES = YES;
				CODE_SIGN_STYLE = Automatic;
				CURRENT_PROJECT_VERSION = 1;
				GENERATE_INFOPLIST_FILE = YES;
				MARKETING_VERSION = 1.0;
				PRODUCT_BUNDLE_IDENTIFIER = com.oguzzylcn.GitHubAppUITests;
				PRODUCT_NAME = "$(TARGET_NAME)";
				SWIFT_EMIT_LOC_STRINGS = NO;
				SWIFT_VERSION = 5.0;
				TARGETED_DEVICE_FAMILY = "1,2";
				TEST_TARGET_NAME = GitHubApp;
			};
			name = Release;
		};
/* End XCBuildConfiguration section */

/* Begin XCConfigurationList section */
		929E3476297BF4D000C39F13 /* Build configuration list for PBXProject "GitHubApp" */ = {
			isa = XCConfigurationList;
			buildConfigurations = (
				929E34A6297BF4D200C39F13 /* Debug */,
				929E34A7297BF4D200C39F13 /* Release */,
			);
			defaultConfigurationIsVisible = 0;
			defaultConfigurationName = Release;
		};
		929E34A8297BF4D200C39F13 /* Build configuration list for PBXNativeTarget "GitHubApp" */ = {
			isa = XCConfigurationList;
			buildConfigurations = (
				929E34A9297BF4D200C39F13 /* Debug */,
				929E34AA297BF4D200C39F13 /* Release */,
			);
			defaultConfigurationIsVisible = 0;
			defaultConfigurationName = Release;
		};
		929E34AB297BF4D200C39F13 /* Build configuration list for PBXNativeTarget "GitHubAppTests" */ = {
			isa = XCConfigurationList;
			buildConfigurations = (
				929E34AC297BF4D200C39F13 /* Debug */,
				929E34AD297BF4D200C39F13 /* Release */,
			);
			defaultConfigurationIsVisible = 0;
			defaultConfigurationName = Release;
		};
		929E34AE297BF4D200C39F13 /* Build configuration list for PBXNativeTarget "GitHubAppUITests" */ = {
			isa = XCConfigurationList;
			buildConfigurations = (
				929E34AF297BF4D200C39F13 /* Debug */,
				929E34B0297BF4D200C39F13 /* Release */,
			);
			defaultConfigurationIsVisible = 0;
			defaultConfigurationName = Release;
		};
/* End XCConfigurationList section */

/* Begin XCVersionGroup section */
		929E3487297BF4D000C39F13 /* GitHubApp.xcdatamodeld */ = {
			isa = XCVersionGroup;
			children = (
				929E3488297BF4D000C39F13 /* GitHubApp.xcdatamodel */,
			);
			currentVersion = 929E3488297BF4D000C39F13 /* GitHubApp.xcdatamodel */;
			path = GitHubApp.xcdatamodeld;
			sourceTree = "<group>";
			versionGroupType = wrapper.xcdatamodel;
		};
/* End XCVersionGroup section */
	};
	rootObject = 929E3473297BF4D000C39F13 /* Project object */;
}
