// !$*UTF8*$!
{
	archiveVersion = 1;
	classes = {
	};
	objectVersion = 55;
	objects = {

/* Begin PBXBuildFile section */
		929E347F297BF4D000C39F13 /* AppDelegate.swift in Sources */ = {isa = PBXBuildFile; fileRef = 929E347E297BF4D000C39F13 /* AppDelegate.swift */; };
		929E3486297BF4D000C39F13 /* Main.storyboard in Resources */ = {isa = PBXBuildFile; fileRef = 929E3484297BF4D000C39F13 /* Main.storyboard */; };
		929E3489297BF4D000C39F13 /* GitHubApp.xcdatamodeld in Sources */ = {isa = PBXBuildFile; fileRef = 929E3487297BF4D000C39F13 /* GitHubApp.xcdatamodeld */; };
		929E348B297BF4D200C39F13 /* Assets.xcassets in Resources */ = {isa = PBXBuildFile; fileRef = 929E348A297BF4D200C39F13 /* Assets.xcassets */; };
		929E348E297BF4D200C39F13 /* LaunchScreen.storyboard in Resources */ = {isa = PBXBuildFile; fileRef = 929E348C297BF4D200C39F13 /* LaunchScreen.storyboard */; };
		929E3499297BF4D200C39F13 /* GitHubAppTests.swift in Sources */ = {isa = PBXBuildFile; fileRef = 929E3498297BF4D200C39F13 /* GitHubAppTests.swift */; };
		929E34A3297BF4D200C39F13 /* GitHubAppUITests.swift in Sources */ = {isa = PBXBuildFile; fileRef = 929E34A2297BF4D200C39F13 /* GitHubAppUITests.swift */; };
		929E34A5297BF4D200C39F13 /* GitHubAppUITestsLaunchTests.swift in Sources */ = {isa = PBXBuildFile; fileRef = 929E34A4297BF4D200C39F13 /* GitHubAppUITestsLaunchTests.swift */; };
		929E34B3297BF5EA00C39F13 /* Alamofire in Frameworks */ = {isa = PBXBuildFile; productRef = 929E34B2297BF5EA00C39F13 /* Alamofire */; };
		929E34B6297BF62200C39F13 /* Lottie in Frameworks */ = {isa = PBXBuildFile; productRef = 929E34B5297BF62200C39F13 /* Lottie */; };
/* End PBXBuildFile section */

/* Begin PBXContainerItemProxy section */
		929E3495297BF4D200C39F13 /* PBXContainerItemProxy */ = {
			isa = PBXContainerItemProxy;
			containerPortal = 929E3473297BF4D000C39F13 /* Project object */;
			proxyType = 1;
			remoteGlobalIDString = 929E347A297BF4D000C39F13;
			remoteInfo = GitHubApp;
		};
		929E349F297BF4D200C39F13 /* PBXContainerItemProxy */ = {
			isa = PBXContainerItemProxy;
			containerPortal = 929E3473297BF4D000C39F13 /* Project object */;
			proxyType = 1;
			remoteGlobalIDString = 929E347A297BF4D000C39F13;
			remoteInfo = GitHubApp;
		};
/* End PBXContainerItemProxy section */

/* Begin PBXFileReference section */
		929E347B297BF4D000C39F13 /* GitHubApp.app */ = {isa = PBXFileReference; explicitFileType = wrapper.application; includeInIndex = 0; path = GitHubApp.app; sourceTree = BUILT_PRODUCTS_DIR; };
		929E347E297BF4D000C39F13 /* AppDelegate.swift */ = {isa = PBXFileReference; lastKnownFileType = sourcecode.swift; path = AppDelegate.swift; sourceTree = "<group>"; };
		929E3485297BF4D000C39F13 /* Base */ = {isa = PBXFileReference; lastKnownFileType = file.storyboard; name = Base; path = Base.lproj/Main.storyboard; sourceTree = "<group>"; };
		929E3488297BF4D000C39F13 /* GitHubApp.xcdatamodel */ = {isa = PBXFileReference; lastKnownFileType = wrapper.xcdatamodel; path = GitHubApp.xcdatamodel; sourceTree = "<group>"; };
		929E348A297BF4D200C39F13 /* Assets.xcassets */ = {isa = PBXFileReference; lastKnownFileType = folder.assetcatalog; path = Assets.xcassets; sourceTree = "<group>"; };
		929E348D297BF4D200C39F13 /* Base */ = {isa = PBXFileReference; lastKnownFileType = file.storyboard; name = Base; path = Base.lproj/LaunchScreen.storyboard; sourceTree = "<group>"; };
		929E348F297BF4D200C39F13 /* Info.plist */ = {isa = PBXFileReference; lastKnownFileType = text.plist.xml; path = Info.plist; sourceTree = "<group>"; };
		929E3494297BF4D200C39F13 /* GitHubAppTests.xctest */ = {isa = PBXFileReference; explicitFileType = wrapper.cfbundle; includeInIndex = 0; path = GitHubAppTests.xctest; sourceTree = BUILT_PRODUCTS_DIR; };
		929E3498297BF4D200C39F13 /* GitHubAppTests.swift */ = {isa = PBXFileReference; lastKnownFileType = sourcecode.swift; path = GitHubAppTests.swift; sourceTree = "<group>"; };
		929E349E297BF4D200C39F13 /* GitHubAppUITests.xctest */ = {isa = PBXFileReference; explicitFileType = wrapper.cfbundle; includeInIndex = 0; path = GitHubAppUITests.xctest; sourceTree = BUILT_PRODUCTS_DIR; };
		929E34A2297BF4D200C39F13 /* GitHubAppUITests.swift */ = {isa = PBXFileReference; lastKnownFileType = sourcecode.swift; path = GitHubAppUITests.swift; sourceTree = "<group>"; };
		929E34A4297BF4D200C39F13 /* GitHubAppUITestsLaunchTests.swift */ = {isa = PBXFileReference; lastKnownFileType = sourcecode.swift; path = GitHubAppUITestsLaunchTests.swift; sourceTree = "<group>"; };
/* End PBXFileReference section */

/* Begin PBXFrameworksBuildPhase section */
		929E3478297BF4D000C39F13 /* Frameworks */ = {
			isa = PBXFrameworksBuildPhase;
			buildActionMask = 2147483647;
			files = (
				929E34B3297BF5EA00C39F13 /* Alamofire in Frameworks */,
				929E34B6297BF62200C39F13 /* Lottie in Frameworks */,
			);
			runOnlyForDeploymentPostprocessing = 0;
		};
		929E3491297BF4D200C39F13 /* Frameworks */ = {
			isa = PBXFrameworksBuildPhase;
			buildActionMask = 2147483647;
			files = (
			);
			runOnlyForDeploymentPostprocessing = 0;
		};
		929E349B297BF4D200C39F13 /* Frameworks */ = {
			isa = PBXFrameworksBuildPhase;
			buildActionMask = 2147483647;
			files = (
			);
			runOnlyForDeploymentPostprocessing = 0;
		};
/* End PBXFrameworksBuildPhase section */

/* Begin PBXGroup section */
		929E3472297BF4D000C39F13 = {
			isa = PBXGroup;
			children = (
				929E347D297BF4D000C39F13 /* GitHubApp */,
				929E3497297BF4D200C39F13 /* GitHubAppTests */,
				929E34A1297BF4D200C39F13 /* GitHubAppUITests */,
				929E347C297BF4D000C39F13 /* Products */,
			);
			sourceTree = "<group>";
		};
		929E347C297BF4D000C39F13 /* Products */ = {
			isa = PBXGroup;
			children = (
				929E347B297BF4D000C39F13 /* GitHubApp.app */,
				929E3494297BF4D200C39F13 /* GitHubAppTests.xctest */,
				929E349E297BF4D200C39F13 /* GitHubAppUITests.xctest */,
			);
			name = Products;
			sourceTree = "<group>";
		};
		929E347D297BF4D000C39F13 /* GitHubApp */ = {
			isa = PBXGroup;
			children = (
				929E347E297BF4D000C39F13 /* AppDelegate.swift */,
				929E3484297BF4D000C39F13 /* Main.storyboard */,
				929E348A297BF4D200C39F13 /* Assets.xcassets */,
				929E348C297BF4D200C39F13 /* LaunchScreen.storyboard */,
				929E348F297BF4D200C39F13 /* Info.plist */,
				929E3487297BF4D000C39F13 /* GitHubApp.xcdatamodeld */,
			);
			path = GitHubApp;
			sourceTree = "<group>";
		};
		929E3497297BF4D200C39F13 /* GitHubAppTests */ = {
			isa = PBXGroup;
			children = (
				929E3498297BF4D200C39F13 /* GitHubAppTests.swift */,
			);
			path = GitHubAppTests;
			sourceTree = "<group>";
		};
		929E34A1297BF4D200C39F13 /* GitHubAppUITests */ = {
			isa = PBXGroup;
			children = (
				929E34A2297BF4D200C39F13 /* GitHubAppUITests.swift */,
				929E34A4297BF4D200C39F13 /* GitHubAppUITestsLaunchTests.swift */,
			);
			path = GitHubAppUITests;
			sourceTree = "<group>";
		};
/* End PBXGroup section */

/* Begin PBXNativeTarget section */
		929E347A297BF4D000C39F13 /* GitHubApp */ = {
			isa = PBXNativeTarget;
			buildConfigurationList = 929E34A8297BF4D200C39F13 /* Build configuration list for PBXNativeTarget "GitHubApp" */;
			buildPhases = (
				929E3477297BF4D000C39F13 /* Sources */,
				929E3478297BF4D000C39F13 /* Frameworks */,
				929E3479297BF4D000C39F13 /* Resources */,
			);
			buildRules = (
			);
			dependencies = (
			);
			name = GitHubApp;
			packageProductDependencies = (
				929E34B2297BF5EA00C39F13 /* Alamofire */,
				929E34B5297BF62200C39F13 /* Lottie */,
			);
			productName = GitHubApp;
			productReference = 929E347B297BF4D000C39F13 /* GitHubApp.app */;
			productType = "com.apple.product-type.application";
		};
		929E3493297BF4D200C39F13 /* GitHubAppTests */ = {
			isa = PBXNativeTarget;
			buildConfigurationList = 929E34AB297BF4D200C39F13 /* Build configuration list for PBXNativeTarget "GitHubAppTests" */;
			buildPhases = (
				929E3490297BF4D200C39F13 /* Sources */,
				929E3491297BF4D200C39F13 /* Frameworks */,
				929E3492297BF4D200C39F13 /* Resources */,
			);
			buildRules = (
			);
			dependencies = (
				929E3496297BF4D200C39F13 /* PBXTargetDependency */,
			);
			name = GitHubAppTests;
			productName = GitHubAppTests;
			productReference = 929E3494297BF4D200C39F13 /* GitHubAppTests.xctest */;
			productType = "com.apple.product-type.bundle.unit-test";
		};
		929E349D297BF4D200C39F13 /* GitHubAppUITests */ = {
			isa = PBXNativeTarget;
			buildConfigurationList = 929E34AE297BF4D200C39F13 /* Build configuration list for PBXNativeTarget "GitHubAppUITests" */;
			buildPhases = (
				929E349A297BF4D200C39F13 /* Sources */,
				929E349B297BF4D200C39F13 /* Frameworks */,
				929E349C297BF4D200C39F13 /* Resources */,
			);
			buildRules = (
			);
			dependencies = (
				929E34A0297BF4D200C39F13 /* PBXTargetDependency */,
			);
			name = GitHubAppUITests;
			productName = GitHubAppUITests;
			productReference = 929E349E297BF4D200C39F13 /* GitHubAppUITests.xctest */;
			productType = "com.apple.product-type.bundle.ui-testing";
		};
/* End PBXNativeTarget section */

/* Begin PBXProject section */
		929E3473297BF4D000C39F13 /* Project object */ = {
			isa = PBXProject;
			attributes = {
				BuildIndependentTargetsInParallel = 1;
				LastSwiftUpdateCheck = 1410;
				LastUpgradeCheck = 1410;
				TargetAttributes = {
					929E347A297BF4D000C39F13 = {
						CreatedOnToolsVersion = 14.1;
					};
					929E3493297BF4D200C39F13 = {
						CreatedOnToolsVersion = 14.1;
						TestTargetID = 929E347A297BF4D000C39F13;
					};
					929E349D297BF4D200C39F13 = {
						CreatedOnToolsVersion = 14.1;
						TestTargetID = 929E347A297BF4D000C39F13;
					};
				};
			};
			buildConfigurationList = 929E3476297BF4D000C39F13 /* Build configuration list for PBXProject "GitHubApp" */;
			compatibilityVersion = "Xcode 13.0";
			developmentRegion = en;
			hasScannedForEncodings = 0;
			knownRegions = (
				en,
				Base,
			);
			mainGroup = 929E3472297BF4D000C39F13;
			packageReferences = (
				929E34B1297BF5EA00C39F13 /* XCRemoteSwiftPackageReference "Alamofire" */,
				929E34B4297BF62200C39F13 /* XCRemoteSwiftPackageReference "lottie-spm" */,
			);
			productRefGroup = 929E347C297BF4D000C39F13 /* Products */;
			projectDirPath = "";
			projectRoot = "";
			targets = (
				929E347A297BF4D000C39F13 /* GitHubApp */,
				929E3493297BF4D200C39F13 /* GitHubAppTests */,
				929E349D297BF4D200C39F13 /* GitHubAppUITests */,
			);
		};
/* End PBXProject section */

/* Begin PBXResourcesBuildPhase section */
		929E3479297BF4D000C39F13 /* Resources */ = {
			isa = PBXResourcesBuildPhase;
			buildActionMask = 2147483647;
			files = (
				929E348E297BF4D200C39F13 /* LaunchScreen.storyboard in Resources */,
				929E348B297BF4D200C39F13 /* Assets.xcassets in Resources */,
				929E3486297BF4D000C39F13 /* Main.storyboard in Resources */,
			);
			runOnlyForDeploymentPostprocessing = 0;
		};
		929E3492297BF4D200C39F13 /* Resources */ = {
			isa = PBXResourcesBuildPhase;
			buildActionMask = 2147483647;
			files = (
			);
			runOnlyForDeploymentPostprocessing = 0;
		};
		929E349C297BF4D200C39F13 /* Resources */ = {
			isa = PBXResourcesBuildPhase;
			buildActionMask = 2147483647;
			files = (
			);
			runOnlyForDeploymentPostprocessing = 0;
		};
/* End PBXResourcesBuildPhase section */

/* Begin PBXSourcesBuildPhase section */
		929E3477297BF4D000C39F13 /* Sources */ = {
			isa = PBXSourcesBuildPhase;
			buildActionMask = 2147483647;
			files = (
				929E347F297BF4D000C39F13 /* AppDelegate.swift in Sources */,
				929E3489297BF4D000C39F13 /* GitHubApp.xcdatamodeld in Sources */,
			);
			runOnlyForDeploymentPostprocessing = 0;
		};
		929E3490297BF4D200C39F13 /* Sources */ = {
			isa = PBXSourcesBuildPhase;
			buildActionMask = 2147483647;
			files = (
				929E3499297BF4D200C39F13 /* GitHubAppTests.swift in Sources */,
			);
			runOnlyForDeploymentPostprocessing = 0;
		};
		929E349A297BF4D200C39F13 /* Sources */ = {
			isa = PBXSourcesBuildPhase;
			buildActionMask = 2147483647;
			files = (
				929E34A3297BF4D200C39F13 /* GitHubAppUITests.swift in Sources */,
				929E34A5297BF4D200C39F13 /* GitHubAppUITestsLaunchTests.swift in Sources */,
			);
			runOnlyForDeploymentPostprocessing = 0;
		};
/* End PBXSourcesBuildPhase section */

/* Begin PBXTargetDependency section */
		929E3496297BF4D200C39F13 /* PBXTargetDependency */ = {
			isa = PBXTargetDependency;
			target = 929E347A297BF4D000C39F13 /* GitHubApp */;
			targetProxy = 929E3495297BF4D200C39F13 /* PBXContainerItemProxy */;
		};
		929E34A0297BF4D200C39F13 /* PBXTargetDependency */ = {
			isa = PBXTargetDependency;
			target = 929E347A297BF4D000C39F13 /* GitHubApp */;
			targetProxy = 929E349F297BF4D200C39F13 /* PBXContainerItemProxy */;
		};
/* End PBXTargetDependency section */

/* Begin PBXVariantGroup section */
		929E3484297BF4D000C39F13 /* Main.storyboard */ = {
			isa = PBXVariantGroup;
			children = (
				929E3485297BF4D000C39F13 /* Base */,
			);
			name = Main.storyboard;
			sourceTree = "<group>";
		};
		929E348C297BF4D200C39F13 /* LaunchScreen.storyboard */ = {
			isa = PBXVariantGroup;
			children = (
				929E348D297BF4D200C39F13 /* Base */,
			);
			name = LaunchScreen.storyboard;
			sourceTree = "<group>";
		};
/* End PBXVariantGroup section */

/* Begin XCBuildConfiguration section */
		929E34A6297BF4D200C39F13 /* Debug */ = {
			isa = XCBuildConfiguration;
			buildSettings = {
				ALWAYS_SEARCH_USER_PATHS = NO;
				CLANG_ANALYZER_NONNULL = YES;
				CLANG_ANALYZER_NUMBER_OBJECT_CONVERSION = YES_AGGRESSIVE;
				CLANG_CXX_LANGUAGE_STANDARD = "gnu++20";
				CLANG_ENABLE_MODULES = YES;
				CLANG_ENABLE_OBJC_ARC = YES;
				CLANG_ENABLE_OBJC_WEAK = YES;
				CLANG_WARN_BLOCK_CAPTURE_AUTORELEASING = YES;
				CLANG_WARN_BOOL_CONVERSION = YES;
				CLANG_WARN_COMMA = YES;
				CLANG_WARN_CONSTANT_CONVERSION = YES;
				CLANG_WARN_DEPRECATED_OBJC_IMPLEMENTATIONS = YES;
				CLANG_WARN_DIRECT_OBJC_ISA_USAGE = YES_ERROR;
				CLANG_WARN_DOCUMENTATION_COMMENTS = YES;
				CLANG_WARN_EMPTY_BODY = YES;
				CLANG_WARN_ENUM_CONVERSION = YES;
				CLANG_WARN_INFINITE_RECURSION = YES;
				CLANG_WARN_INT_CONVERSION = YES;
				CLANG_WARN_NON_LITERAL_NULL_CONVERSION = YES;
				CLANG_WARN_OBJC_IMPLICIT_RETAIN_SELF = YES;
				CLANG_WARN_OBJC_LITERAL_CONVERSION = YES;
				CLANG_WARN_OBJC_ROOT_CLASS = YES_ERROR;
				CLANG_WARN_QUOTED_INCLUDE_IN_FRAMEWORK_HEADER = YES;
				CLANG_WARN_RANGE_LOOP_ANALYSIS = YES;
				CLANG_WARN_STRICT_PROTOTYPES = YES;
				CLANG_WARN_SUSPICIOUS_MOVE = YES;
				CLANG_WARN_UNGUARDED_AVAILABILITY = YES_AGGRESSIVE;
				CLANG_WARN_UNREACHABLE_CODE = YES;
				CLANG_WARN__DUPLICATE_METHOD_MATCH = YES;
				COPY_PHASE_STRIP = NO;
				DEBUG_INFORMATION_FORMAT = dwarf;
				ENABLE_STRICT_OBJC_MSGSEND = YES;
				ENABLE_TESTABILITY = YES;
				GCC_C_LANGUAGE_STANDARD = gnu11;
				GCC_DYNAMIC_NO_PIC = NO;
				GCC_NO_COMMON_BLOCKS = YES;
				GCC_OPTIMIZATION_LEVEL = 0;
				GCC_PREPROCESSOR_DEFINITIONS = (
					"DEBUG=1",
					"$(inherited)",
				);
				GCC_WARN_64_TO_32_BIT_CONVERSION = YES;
				GCC_WARN_ABOUT_RETURN_TYPE = YES_ERROR;
				GCC_WARN_UNDECLARED_SELECTOR = YES;
				GCC_WARN_UNINITIALIZED_AUTOS = YES_AGGRESSIVE;
				GCC_WARN_UNUSED_FUNCTION = YES;
				GCC_WARN_UNUSED_VARIABLE = YES;
				IPHONEOS_DEPLOYMENT_TARGET = 12.0;
				MTL_ENABLE_DEBUG_INFO = INCLUDE_SOURCE;
				MTL_FAST_MATH = YES;
				ONLY_ACTIVE_ARCH = YES;
				SDKROOT = iphoneos;
				SWIFT_ACTIVE_COMPILATION_CONDITIONS = DEBUG;
				SWIFT_OPTIMIZATION_LEVEL = "-Onone";
			};
			name = Debug;
		};
		929E34A7297BF4D200C39F13 /* Release */ = {
			isa = XCBuildConfiguration;
			buildSettings = {
				ALWAYS_SEARCH_USER_PATHS = NO;
				CLANG_ANALYZER_NONNULL = YES;
				CLANG_ANALYZER_NUMBER_OBJECT_CONVERSION = YES_AGGRESSIVE;
				CLANG_CXX_LANGUAGE_STANDARD = "gnu++20";
				CLANG_ENABLE_MODULES = YES;
				CLANG_ENABLE_OBJC_ARC = YES;
				CLANG_ENABLE_OBJC_WEAK = YES;
				CLANG_WARN_BLOCK_CAPTURE_AUTORELEASING = YES;
				CLANG_WARN_BOOL_CONVERSION = YES;
				CLANG_WARN_COMMA = YES;
				CLANG_WARN_CONSTANT_CONVERSION = YES;
				CLANG_WARN_DEPRECATED_OBJC_IMPLEMENTATIONS = YES;
				CLANG_WARN_DIRECT_OBJC_ISA_USAGE = YES_ERROR;
				CLANG_WARN_DOCUMENTATION_COMMENTS = YES;
				CLANG_WARN_EMPTY_BODY = YES;
				CLANG_WARN_ENUM_CONVERSION = YES;
				CLANG_WARN_INFINITE_RECURSION = YES;
				CLANG_WARN_INT_CONVERSION = YES;
				CLANG_WARN_NON_LITERAL_NULL_CONVERSION = YES;
				CLANG_WARN_OBJC_IMPLICIT_RETAIN_SELF = YES;
				CLANG_WARN_OBJC_LITERAL_CONVERSION = YES;
				CLANG_WARN_OBJC_ROOT_CLASS = YES_ERROR;
				CLANG_WARN_QUOTED_INCLUDE_IN_FRAMEWORK_HEADER = YES;
				CLANG_WARN_RANGE_LOOP_ANALYSIS = YES;
				CLANG_WARN_STRICT_PROTOTYPES = YES;
				CLANG_WARN_SUSPICIOUS_MOVE = YES;
				CLANG_WARN_UNGUARDED_AVAILABILITY = YES_AGGRESSIVE;
				CLANG_WARN_UNREACHABLE_CODE = YES;
				CLANG_WARN__DUPLICATE_METHOD_MATCH = YES;
				COPY_PHASE_STRIP = NO;
				DEBUG_INFORMATION_FORMAT = "dwarf-with-dsym";
				ENABLE_NS_ASSERTIONS = NO;
				ENABLE_STRICT_OBJC_MSGSEND = YES;
				GCC_C_LANGUAGE_STANDARD = gnu11;
				GCC_NO_COMMON_BLOCKS = YES;
				GCC_WARN_64_TO_32_BIT_CONVERSION = YES;
				GCC_WARN_ABOUT_RETURN_TYPE = YES_ERROR;
				GCC_WARN_UNDECLARED_SELECTOR = YES;
				GCC_WARN_UNINITIALIZED_AUTOS = YES_AGGRESSIVE;
				GCC_WARN_UNUSED_FUNCTION = YES;
				GCC_WARN_UNUSED_VARIABLE = YES;
				IPHONEOS_DEPLOYMENT_TARGET = 12.0;
				MTL_ENABLE_DEBUG_INFO = NO;
				MTL_FAST_MATH = YES;
				SDKROOT = iphoneos;
				SWIFT_COMPILATION_MODE = wholemodule;
				SWIFT_OPTIMIZATION_LEVEL = "-O";
				VALIDATE_PRODUCT = YES;
			};
			name = Release;
		};
		929E34A9297BF4D200C39F13 /* Debug */ = {
			isa = XCBuildConfiguration;
			buildSettings = {
				ASSETCATALOG_COMPILER_APPICON_NAME = AppIcon;
				ASSETCATALOG_COMPILER_GLOBAL_ACCENT_COLOR_NAME = AccentColor;
				CODE_SIGN_STYLE = Automatic;
				CURRENT_PROJECT_VERSION = 1;
				GENERATE_INFOPLIST_FILE = YES;
				INFOPLIST_FILE = GitHubApp/Info.plist;
				INFOPLIST_KEY_UIApplicationSupportsIndirectInputEvents = YES;
				INFOPLIST_KEY_UILaunchStoryboardName = LaunchScreen;
				INFOPLIST_KEY_UIMainStoryboardFile = Main;
				INFOPLIST_KEY_UISupportedInterfaceOrientations = UIInterfaceOrientationPortrait;
				INFOPLIST_KEY_UISupportedInterfaceOrientations_iPad = "UIInterfaceOrientationLandscapeLeft UIInterfaceOrientationLandscapeRight UIInterfaceOrientationPortrait UIInterfaceOrientationPortraitUpsideDown";
				LD_RUNPATH_SEARCH_PATHS = (
					"$(inherited)",
					"@executable_path/Frameworks",
				);
				MARKETING_VERSION = 1.0;
				PRODUCT_BUNDLE_IDENTIFIER = com.oguzzylcn.GitHubApp;
				PRODUCT_NAME = "$(TARGET_NAME)";
				SUPPORTED_PLATFORMS = "iphoneos iphonesimulator";
				SUPPORTS_MACCATALYST = NO;
				SUPPORTS_MAC_DESIGNED_FOR_IPHONE_IPAD = YES;
				SWIFT_EMIT_LOC_STRINGS = YES;
				SWIFT_VERSION = 5.0;
				TARGETED_DEVICE_FAMILY = 1;
			};
			name = Debug;
		};
		929E34AA297BF4D200C39F13 /* Release */ = {
			isa = XCBuildConfiguration;
			buildSettings = {
				ASSETCATALOG_COMPILER_APPICON_NAME = AppIcon;
				ASSETCATALOG_COMPILER_GLOBAL_ACCENT_COLOR_NAME = AccentColor;
				CODE_SIGN_STYLE = Automatic;
				CURRENT_PROJECT_VERSION = 1;
				GENERATE_INFOPLIST_FILE = YES;
				INFOPLIST_FILE = GitHubApp/Info.plist;
				INFOPLIST_KEY_UIApplicationSupportsIndirectInputEvents = YES;
				INFOPLIST_KEY_UILaunchStoryboardName = LaunchScreen;
				INFOPLIST_KEY_UIMainStoryboardFile = Main;
				INFOPLIST_KEY_UISupportedInterfaceOrientations = UIInterfaceOrientationPortrait;
				INFOPLIST_KEY_UISupportedInterfaceOrientations_iPad = "UIInterfaceOrientationLandscapeLeft UIInterfaceOrientationLandscapeRight UIInterfaceOrientationPortrait UIInterfaceOrientationPortraitUpsideDown";
				LD_RUNPATH_SEARCH_PATHS = (
					"$(inherited)",
					"@executable_path/Frameworks",
				);
				MARKETING_VERSION = 1.0;
				PRODUCT_BUNDLE_IDENTIFIER = com.oguzzylcn.GitHubApp;
				PRODUCT_NAME = "$(TARGET_NAME)";
				SUPPORTED_PLATFORMS = "iphoneos iphonesimulator";
				SUPPORTS_MACCATALYST = NO;
				SUPPORTS_MAC_DESIGNED_FOR_IPHONE_IPAD = YES;
				SWIFT_EMIT_LOC_STRINGS = YES;
				SWIFT_VERSION = 5.0;
				TARGETED_DEVICE_FAMILY = 1;
			};
			name = Release;
		};
		929E34AC297BF4D200C39F13 /* Debug */ = {
			isa = XCBuildConfiguration;
			buildSettings = {
				ALWAYS_EMBED_SWIFT_STANDARD_LIBRARIES = YES;
				BUNDLE_LOADER = "$(TEST_HOST)";
				CODE_SIGN_STYLE = Automatic;
				CURRENT_PROJECT_VERSION = 1;
				GENERATE_INFOPLIST_FILE = YES;
				IPHONEOS_DEPLOYMENT_TARGET = 16.1;
				MARKETING_VERSION = 1.0;
				PRODUCT_BUNDLE_IDENTIFIER = com.oguzzylcn.GitHubAppTests;
				PRODUCT_NAME = "$(TARGET_NAME)";
				SWIFT_EMIT_LOC_STRINGS = NO;
				SWIFT_VERSION = 5.0;
				TARGETED_DEVICE_FAMILY = "1,2";
				TEST_HOST = "$(BUILT_PRODUCTS_DIR)/GitHubApp.app/$(BUNDLE_EXECUTABLE_FOLDER_PATH)/GitHubApp";
			};
			name = Debug;
		};
		929E34AD297BF4D200C39F13 /* Release */ = {
			isa = XCBuildConfiguration;
			buildSettings = {
				ALWAYS_EMBED_SWIFT_STANDARD_LIBRARIES = YES;
				BUNDLE_LOADER = "$(TEST_HOST)";
				CODE_SIGN_STYLE = Automatic;
				CURRENT_PROJECT_VERSION = 1;
				GENERATE_INFOPLIST_FILE = YES;
				IPHONEOS_DEPLOYMENT_TARGET = 16.1;
				MARKETING_VERSION = 1.0;
				PRODUCT_BUNDLE_IDENTIFIER = com.oguzzylcn.GitHubAppTests;
				PRODUCT_NAME = "$(TARGET_NAME)";
				SWIFT_EMIT_LOC_STRINGS = NO;
				SWIFT_VERSION = 5.0;
				TARGETED_DEVICE_FAMILY = "1,2";
				TEST_HOST = "$(BUILT_PRODUCTS_DIR)/GitHubApp.app/$(BUNDLE_EXECUTABLE_FOLDER_PATH)/GitHubApp";
			};
			name = Release;
		};
		929E34AF297BF4D200C39F13 /* Debug */ = {
			isa = XCBuildConfiguration;
			buildSettings = {
				ALWAYS_EMBED_SWIFT_STANDARD_LIBRARIES = YES;
				CODE_SIGN_STYLE = Automatic;
				CURRENT_PROJECT_VERSION = 1;
				GENERATE_INFOPLIST_FILE = YES;
				MARKETING_VERSION = 1.0;
				PRODUCT_BUNDLE_IDENTIFIER = com.oguzzylcn.GitHubAppUITests;
				PRODUCT_NAME = "$(TARGET_NAME)";
				SWIFT_EMIT_LOC_STRINGS = NO;
				SWIFT_VERSION = 5.0;
				TARGETED_DEVICE_FAMILY = "1,2";
				TEST_TARGET_NAME = GitHubApp;
			};
			name = Debug;
		};
		929E34B0297BF4D200C39F13 /* Release */ = {
			isa = XCBuildConfiguration;
			buildSettings = {
				ALWAYS_EMBED_SWIFT_STANDARD_LIBRARIES = YES;
				CODE_SIGN_STYLE = Automatic;
				CURRENT_PROJECT_VERSION = 1;
				GENERATE_INFOPLIST_FILE = YES;
				MARKETING_VERSION = 1.0;
				PRODUCT_BUNDLE_IDENTIFIER = com.oguzzylcn.GitHubAppUITests;
				PRODUCT_NAME = "$(TARGET_NAME)";
				SWIFT_EMIT_LOC_STRINGS = NO;
				SWIFT_VERSION = 5.0;
				TARGETED_DEVICE_FAMILY = "1,2";
				TEST_TARGET_NAME = GitHubApp;
			};
			name = Release;
		};
/* End XCBuildConfiguration section */

/* Begin XCConfigurationList section */
		929E3476297BF4D000C39F13 /* Build configuration list for PBXProject "GitHubApp" */ = {
			isa = XCConfigurationList;
			buildConfigurations = (
				929E34A6297BF4D200C39F13 /* Debug */,
				929E34A7297BF4D200C39F13 /* Release */,
			);
			defaultConfigurationIsVisible = 0;
			defaultConfigurationName = Release;
		};
		929E34A8297BF4D200C39F13 /* Build configuration list for PBXNativeTarget "GitHubApp" */ = {
			isa = XCConfigurationList;
			buildConfigurations = (
				929E34A9297BF4D200C39F13 /* Debug */,
				929E34AA297BF4D200C39F13 /* Release */,
			);
			defaultConfigurationIsVisible = 0;
			defaultConfigurationName = Release;
		};
		929E34AB297BF4D200C39F13 /* Build configuration list for PBXNativeTarget "GitHubAppTests" */ = {
			isa = XCConfigurationList;
			buildConfigurations = (
				929E34AC297BF4D200C39F13 /* Debug */,
				929E34AD297BF4D200C39F13 /* Release */,
			);
			defaultConfigurationIsVisible = 0;
			defaultConfigurationName = Release;
		};
		929E34AE297BF4D200C39F13 /* Build configuration list for PBXNativeTarget "GitHubAppUITests" */ = {
			isa = XCConfigurationList;
			buildConfigurations = (
				929E34AF297BF4D200C39F13 /* Debug */,
				929E34B0297BF4D200C39F13 /* Release */,
			);
			defaultConfigurationIsVisible = 0;
			defaultConfigurationName = Release;
		};
/* End XCConfigurationList section */

/* Begin XCRemoteSwiftPackageReference section */
		929E34B1297BF5EA00C39F13 /* XCRemoteSwiftPackageReference "Alamofire" */ = {
			isa = XCRemoteSwiftPackageReference;
			repositoryURL = "https://github.com/Alamofire/Alamofire.git";
			requirement = {
				kind = upToNextMajorVersion;
				minimumVersion = 5.0.5;
			};
		};
		929E34B4297BF62200C39F13 /* XCRemoteSwiftPackageReference "lottie-spm" */ = {
			isa = XCRemoteSwiftPackageReference;
			repositoryURL = "https://github.com/airbnb/lottie-spm.git";
			requirement = {
				kind = upToNextMajorVersion;
				minimumVersion = 3.1.8;
			};
		};
/* End XCRemoteSwiftPackageReference section */

/* Begin XCSwiftPackageProductDependency section */
		929E34B2297BF5EA00C39F13 /* Alamofire */ = {
			isa = XCSwiftPackageProductDependency;
			package = 929E34B1297BF5EA00C39F13 /* XCRemoteSwiftPackageReference "Alamofire" */;
			productName = Alamofire;
		};
		929E34B5297BF62200C39F13 /* Lottie */ = {
			isa = XCSwiftPackageProductDependency;
			package = 929E34B4297BF62200C39F13 /* XCRemoteSwiftPackageReference "lottie-spm" */;
			productName = Lottie;
		};
/* End XCSwiftPackageProductDependency section */

/* Begin XCVersionGroup section */
		929E3487297BF4D000C39F13 /* GitHubApp.xcdatamodeld */ = {
			isa = XCVersionGroup;
			children = (
				929E3488297BF4D000C39F13 /* GitHubApp.xcdatamodel */,
			);
			currentVersion = 929E3488297BF4D000C39F13 /* GitHubApp.xcdatamodel */;
			path = GitHubApp.xcdatamodeld;
			sourceTree = "<group>";
			versionGroupType = wrapper.xcdatamodel;
		};
/* End XCVersionGroup section */
	};
	rootObject = 929E3473297BF4D000C39F13 /* Project object */;
}
